// !$*UTF8*$!
{
	archiveVersion = 1;
	classes = {
	};
	objectVersion = 55;
	objects = {

/* Begin PBXBuildFile section */
		B50571AA2795ADEA008A6956 /* AppDelegate.swift in Sources */ = {isa = PBXBuildFile; fileRef = B50571A92795ADEA008A6956 /* AppDelegate.swift */; };
		B50571AC2795ADEA008A6956 /* SceneDelegate.swift in Sources */ = {isa = PBXBuildFile; fileRef = B50571AB2795ADEA008A6956 /* SceneDelegate.swift */; };
		B50571B42795ADEA008A6956 /* Ch6_NetflixStyleSampleApp.xcdatamodeld in Sources */ = {isa = PBXBuildFile; fileRef = B50571B22795ADEA008A6956 /* Ch6_NetflixStyleSampleApp.xcdatamodeld */; };
		B50571B62795ADEB008A6956 /* Assets.xcassets in Resources */ = {isa = PBXBuildFile; fileRef = B50571B52795ADEB008A6956 /* Assets.xcassets */; };
		B50571B92795ADEB008A6956 /* LaunchScreen.storyboard in Resources */ = {isa = PBXBuildFile; fileRef = B50571B72795ADEB008A6956 /* LaunchScreen.storyboard */; };
		B50571C12795AED6008A6956 /* HomeViewController.swift in Sources */ = {isa = PBXBuildFile; fileRef = B50571C02795AED6008A6956 /* HomeViewController.swift */; };
		B50571C42795B1DB008A6956 /* SnapKit in Frameworks */ = {isa = PBXBuildFile; productRef = B50571C32795B1DB008A6956 /* SnapKit */; };
/* End PBXBuildFile section */

/* Begin PBXFileReference section */
		B50571A62795ADEA008A6956 /* Ch6_NetflixStyleSampleApp.app */ = {isa = PBXFileReference; explicitFileType = wrapper.application; includeInIndex = 0; path = Ch6_NetflixStyleSampleApp.app; sourceTree = BUILT_PRODUCTS_DIR; };
		B50571A92795ADEA008A6956 /* AppDelegate.swift */ = {isa = PBXFileReference; lastKnownFileType = sourcecode.swift; path = AppDelegate.swift; sourceTree = "<group>"; };
		B50571AB2795ADEA008A6956 /* SceneDelegate.swift */ = {isa = PBXFileReference; lastKnownFileType = sourcecode.swift; path = SceneDelegate.swift; sourceTree = "<group>"; };
		B50571B32795ADEA008A6956 /* Ch6_NetflixStyleSampleApp.xcdatamodel */ = {isa = PBXFileReference; lastKnownFileType = wrapper.xcdatamodel; path = Ch6_NetflixStyleSampleApp.xcdatamodel; sourceTree = "<group>"; };
		B50571B52795ADEB008A6956 /* Assets.xcassets */ = {isa = PBXFileReference; lastKnownFileType = folder.assetcatalog; path = Assets.xcassets; sourceTree = "<group>"; };
		B50571B82795ADEB008A6956 /* Base */ = {isa = PBXFileReference; lastKnownFileType = file.storyboard; name = Base; path = Base.lproj/LaunchScreen.storyboard; sourceTree = "<group>"; };
		B50571BA2795ADEB008A6956 /* Info.plist */ = {isa = PBXFileReference; lastKnownFileType = text.plist.xml; path = Info.plist; sourceTree = "<group>"; };
		B50571C02795AED6008A6956 /* HomeViewController.swift */ = {isa = PBXFileReference; lastKnownFileType = sourcecode.swift; path = HomeViewController.swift; sourceTree = "<group>"; };
/* End PBXFileReference section */

/* Begin PBXFrameworksBuildPhase section */
		B50571A32795ADEA008A6956 /* Frameworks */ = {
			isa = PBXFrameworksBuildPhase;
			buildActionMask = 2147483647;
			files = (
				B50571C42795B1DB008A6956 /* SnapKit in Frameworks */,
			);
			runOnlyForDeploymentPostprocessing = 0;
		};
/* End PBXFrameworksBuildPhase section */

/* Begin PBXGroup section */
		B505719D2795ADEA008A6956 = {
			isa = PBXGroup;
			children = (
				B50571A82795ADEA008A6956 /* Ch6_NetflixStyleSampleApp */,
				B50571A72795ADEA008A6956 /* Products */,
			);
			sourceTree = "<group>";
		};
		B50571A72795ADEA008A6956 /* Products */ = {
			isa = PBXGroup;
			children = (
				B50571A62795ADEA008A6956 /* Ch6_NetflixStyleSampleApp.app */,
			);
			name = Products;
			sourceTree = "<group>";
		};
		B50571A82795ADEA008A6956 /* Ch6_NetflixStyleSampleApp */ = {
			isa = PBXGroup;
			children = (
				B50571A92795ADEA008A6956 /* AppDelegate.swift */,
				B50571C02795AED6008A6956 /* HomeViewController.swift */,
				B50571AB2795ADEA008A6956 /* SceneDelegate.swift */,
				B50571B52795ADEB008A6956 /* Assets.xcassets */,
				B50571B72795ADEB008A6956 /* LaunchScreen.storyboard */,
				B50571BA2795ADEB008A6956 /* Info.plist */,
				B50571B22795ADEA008A6956 /* Ch6_NetflixStyleSampleApp.xcdatamodeld */,
			);
			path = Ch6_NetflixStyleSampleApp;
			sourceTree = "<group>";
		};
/* End PBXGroup section */

/* Begin PBXNativeTarget section */
		B50571A52795ADEA008A6956 /* Ch6_NetflixStyleSampleApp */ = {
			isa = PBXNativeTarget;
			buildConfigurationList = B50571BD2795ADEB008A6956 /* Build configuration list for PBXNativeTarget "Ch6_NetflixStyleSampleApp" */;
			buildPhases = (
				B50571A22795ADEA008A6956 /* Sources */,
				B50571A32795ADEA008A6956 /* Frameworks */,
				B50571A42795ADEA008A6956 /* Resources */,
			);
			buildRules = (
			);
			dependencies = (
			);
			name = Ch6_NetflixStyleSampleApp;
			packageProductDependencies = (
				B50571C32795B1DB008A6956 /* SnapKit */,
			);
			productName = Ch6_NetflixStyleSampleApp;
			productReference = B50571A62795ADEA008A6956 /* Ch6_NetflixStyleSampleApp.app */;
			productType = "com.apple.product-type.application";
		};
/* End PBXNativeTarget section */

/* Begin PBXProject section */
		B505719E2795ADEA008A6956 /* Project object */ = {
			isa = PBXProject;
			attributes = {
				BuildIndependentTargetsInParallel = 1;
				LastSwiftUpdateCheck = 1310;
				LastUpgradeCheck = 1310;
				TargetAttributes = {
					B50571A52795ADEA008A6956 = {
						CreatedOnToolsVersion = 13.1;
					};
				};
			};
			buildConfigurationList = B50571A12795ADEA008A6956 /* Build configuration list for PBXProject "Ch6_NetflixStyleSampleApp" */;
			compatibilityVersion = "Xcode 13.0";
			developmentRegion = en;
			hasScannedForEncodings = 0;
			knownRegions = (
				en,
				Base,
			);
			mainGroup = B505719D2795ADEA008A6956;
			packageReferences = (
				B50571C22795B1DB008A6956 /* XCRemoteSwiftPackageReference "SnapKit" */,
			);
			productRefGroup = B50571A72795ADEA008A6956 /* Products */;
			projectDirPath = "";
			projectRoot = "";
			targets = (
				B50571A52795ADEA008A6956 /* Ch6_NetflixStyleSampleApp */,
			);
		};
/* End PBXProject section */

/* Begin PBXResourcesBuildPhase section */
		B50571A42795ADEA008A6956 /* Resources */ = {
			isa = PBXResourcesBuildPhase;
			buildActionMask = 2147483647;
			files = (
				B50571B92795ADEB008A6956 /* LaunchScreen.storyboard in Resources */,
				B50571B62795ADEB008A6956 /* Assets.xcassets in Resources */,
			);
			runOnlyForDeploymentPostprocessing = 0;
		};
/* End PBXResourcesBuildPhase section */

/* Begin PBXSourcesBuildPhase section */
		B50571A22795ADEA008A6956 /* Sources */ = {
			isa = PBXSourcesBuildPhase;
			buildActionMask = 2147483647;
			files = (
				B50571B42795ADEA008A6956 /* Ch6_NetflixStyleSampleApp.xcdatamodeld in Sources */,
				B50571AA2795ADEA008A6956 /* AppDelegate.swift in Sources */,
				B50571AC2795ADEA008A6956 /* SceneDelegate.swift in Sources */,
				B50571C12795AED6008A6956 /* HomeViewController.swift in Sources */,
			);
			runOnlyForDeploymentPostprocessing = 0;
		};
/* End PBXSourcesBuildPhase section */

/* Begin PBXVariantGroup section */
		B50571B72795ADEB008A6956 /* LaunchScreen.storyboard */ = {
			isa = PBXVariantGroup;
			children = (
				B50571B82795ADEB008A6956 /* Base */,
			);
			name = LaunchScreen.storyboard;
			sourceTree = "<group>";
		};
/* End PBXVariantGroup section */

/* Begin XCBuildConfiguration section */
		B50571BB2795ADEB008A6956 /* Debug */ = {
			isa = XCBuildConfiguration;
			buildSettings = {
				ALWAYS_SEARCH_USER_PATHS = NO;
				CLANG_ANALYZER_NONNULL = YES;
				CLANG_ANALYZER_NUMBER_OBJECT_CONVERSION = YES_AGGRESSIVE;
				CLANG_CXX_LANGUAGE_STANDARD = "gnu++17";
				CLANG_CXX_LIBRARY = "libc++";
				CLANG_ENABLE_MODULES = YES;
				CLANG_ENABLE_OBJC_ARC = YES;
				CLANG_ENABLE_OBJC_WEAK = YES;
				CLANG_WARN_BLOCK_CAPTURE_AUTORELEASING = YES;
				CLANG_WARN_BOOL_CONVERSION = YES;
				CLANG_WARN_COMMA = YES;
				CLANG_WARN_CONSTANT_CONVERSION = YES;
				CLANG_WARN_DEPRECATED_OBJC_IMPLEMENTATIONS = YES;
				CLANG_WARN_DIRECT_OBJC_ISA_USAGE = YES_ERROR;
				CLANG_WARN_DOCUMENTATION_COMMENTS = YES;
				CLANG_WARN_EMPTY_BODY = YES;
				CLANG_WARN_ENUM_CONVERSION = YES;
				CLANG_WARN_INFINITE_RECURSION = YES;
				CLANG_WARN_INT_CONVERSION = YES;
				CLANG_WARN_NON_LITERAL_NULL_CONVERSION = YES;
				CLANG_WARN_OBJC_IMPLICIT_RETAIN_SELF = YES;
				CLANG_WARN_OBJC_LITERAL_CONVERSION = YES;
				CLANG_WARN_OBJC_ROOT_CLASS = YES_ERROR;
				CLANG_WARN_QUOTED_INCLUDE_IN_FRAMEWORK_HEADER = YES;
				CLANG_WARN_RANGE_LOOP_ANALYSIS = YES;
				CLANG_WARN_STRICT_PROTOTYPES = YES;
				CLANG_WARN_SUSPICIOUS_MOVE = YES;
				CLANG_WARN_UNGUARDED_AVAILABILITY = YES_AGGRESSIVE;
				CLANG_WARN_UNREACHABLE_CODE = YES;
				CLANG_WARN__DUPLICATE_METHOD_MATCH = YES;
				COPY_PHASE_STRIP = NO;
				DEBUG_INFORMATION_FORMAT = dwarf;
				ENABLE_STRICT_OBJC_MSGSEND = YES;
				ENABLE_TESTABILITY = YES;
				GCC_C_LANGUAGE_STANDARD = gnu11;
				GCC_DYNAMIC_NO_PIC = NO;
				GCC_NO_COMMON_BLOCKS = YES;
				GCC_OPTIMIZATION_LEVEL = 0;
				GCC_PREPROCESSOR_DEFINITIONS = (
					"DEBUG=1",
					"$(inherited)",
				);
				GCC_WARN_64_TO_32_BIT_CONVERSION = YES;
				GCC_WARN_ABOUT_RETURN_TYPE = YES_ERROR;
				GCC_WARN_UNDECLARED_SELECTOR = YES;
				GCC_WARN_UNINITIALIZED_AUTOS = YES_AGGRESSIVE;
				GCC_WARN_UNUSED_FUNCTION = YES;
				GCC_WARN_UNUSED_VARIABLE = YES;
				IPHONEOS_DEPLOYMENT_TARGET = 15.0;
				MTL_ENABLE_DEBUG_INFO = INCLUDE_SOURCE;
				MTL_FAST_MATH = YES;
				ONLY_ACTIVE_ARCH = YES;
				SDKROOT = iphoneos;
				SWIFT_ACTIVE_COMPILATION_CONDITIONS = DEBUG;
				SWIFT_OPTIMIZATION_LEVEL = "-Onone";
			};
			name = Debug;
		};
		B50571BC2795ADEB008A6956 /* Release */ = {
			isa = XCBuildConfiguration;
			buildSettings = {
				ALWAYS_SEARCH_USER_PATHS = NO;
				CLANG_ANALYZER_NONNULL = YES;
				CLANG_ANALYZER_NUMBER_OBJECT_CONVERSION = YES_AGGRESSIVE;
				CLANG_CXX_LANGUAGE_STANDARD = "gnu++17";
				CLANG_CXX_LIBRARY = "libc++";
				CLANG_ENABLE_MODULES = YES;
				CLANG_ENABLE_OBJC_ARC = YES;
				CLANG_ENABLE_OBJC_WEAK = YES;
				CLANG_WARN_BLOCK_CAPTURE_AUTORELEASING = YES;
				CLANG_WARN_BOOL_CONVERSION = YES;
				CLANG_WARN_COMMA = YES;
				CLANG_WARN_CONSTANT_CONVERSION = YES;
				CLANG_WARN_DEPRECATED_OBJC_IMPLEMENTATIONS = YES;
				CLANG_WARN_DIRECT_OBJC_ISA_USAGE = YES_ERROR;
				CLANG_WARN_DOCUMENTATION_COMMENTS = YES;
				CLANG_WARN_EMPTY_BODY = YES;
				CLANG_WARN_ENUM_CONVERSION = YES;
				CLANG_WARN_INFINITE_RECURSION = YES;
				CLANG_WARN_INT_CONVERSION = YES;
				CLANG_WARN_NON_LITERAL_NULL_CONVERSION = YES;
				CLANG_WARN_OBJC_IMPLICIT_RETAIN_SELF = YES;
				CLANG_WARN_OBJC_LITERAL_CONVERSION = YES;
				CLANG_WARN_OBJC_ROOT_CLASS = YES_ERROR;
				CLANG_WARN_QUOTED_INCLUDE_IN_FRAMEWORK_HEADER = YES;
				CLANG_WARN_RANGE_LOOP_ANALYSIS = YES;
				CLANG_WARN_STRICT_PROTOTYPES = YES;
				CLANG_WARN_SUSPICIOUS_MOVE = YES;
				CLANG_WARN_UNGUARDED_AVAILABILITY = YES_AGGRESSIVE;
				CLANG_WARN_UNREACHABLE_CODE = YES;
				CLANG_WARN__DUPLICATE_METHOD_MATCH = YES;
				COPY_PHASE_STRIP = NO;
				DEBUG_INFORMATION_FORMAT = "dwarf-with-dsym";
				ENABLE_NS_ASSERTIONS = NO;
				ENABLE_STRICT_OBJC_MSGSEND = YES;
				GCC_C_LANGUAGE_STANDARD = gnu11;
				GCC_NO_COMMON_BLOCKS = YES;
				GCC_WARN_64_TO_32_BIT_CONVERSION = YES;
				GCC_WARN_ABOUT_RETURN_TYPE = YES_ERROR;
				GCC_WARN_UNDECLARED_SELECTOR = YES;
				GCC_WARN_UNINITIALIZED_AUTOS = YES_AGGRESSIVE;
				GCC_WARN_UNUSED_FUNCTION = YES;
				GCC_WARN_UNUSED_VARIABLE = YES;
				IPHONEOS_DEPLOYMENT_TARGET = 15.0;
				MTL_ENABLE_DEBUG_INFO = NO;
				MTL_FAST_MATH = YES;
				SDKROOT = iphoneos;
				SWIFT_COMPILATION_MODE = wholemodule;
				SWIFT_OPTIMIZATION_LEVEL = "-O";
				VALIDATE_PRODUCT = YES;
			};
			name = Release;
		};
		B50571BE2795ADEB008A6956 /* Debug */ = {
			isa = XCBuildConfiguration;
			buildSettings = {
				ASSETCATALOG_COMPILER_APPICON_NAME = AppIcon;
				ASSETCATALOG_COMPILER_GLOBAL_ACCENT_COLOR_NAME = AccentColor;
				CODE_SIGN_STYLE = Automatic;
				CURRENT_PROJECT_VERSION = 1;
				DEVELOPMENT_TEAM = 46957CX67H;
				GENERATE_INFOPLIST_FILE = YES;
				INFOPLIST_FILE = Ch6_NetflixStyleSampleApp/Info.plist;
				INFOPLIST_KEY_UIApplicationSupportsIndirectInputEvents = YES;
				INFOPLIST_KEY_UILaunchStoryboardName = LaunchScreen;
				INFOPLIST_KEY_UIMainStoryboardFile = Main;
				INFOPLIST_KEY_UISupportedInterfaceOrientations_iPad = "UIInterfaceOrientationPortrait UIInterfaceOrientationPortraitUpsideDown UIInterfaceOrientationLandscapeLeft UIInterfaceOrientationLandscapeRight";
				INFOPLIST_KEY_UISupportedInterfaceOrientations_iPhone = "UIInterfaceOrientationPortrait UIInterfaceOrientationLandscapeLeft UIInterfaceOrientationLandscapeRight";
				LD_RUNPATH_SEARCH_PATHS = (
					"$(inherited)",
					"@executable_path/Frameworks",
				);
				MARKETING_VERSION = 1.0;
				PRODUCT_BUNDLE_IDENTIFIER = "Sensual-Bee.Ch6-NetflixStyleSampleApp";
				PRODUCT_NAME = "$(TARGET_NAME)";
				SWIFT_EMIT_LOC_STRINGS = YES;
				SWIFT_VERSION = 5.0;
				TARGETED_DEVICE_FAMILY = "1,2";
			};
			name = Debug;
		};
		B50571BF2795ADEB008A6956 /* Release */ = {
			isa = XCBuildConfiguration;
			buildSettings = {
				ASSETCATALOG_COMPILER_APPICON_NAME = AppIcon;
				ASSETCATALOG_COMPILER_GLOBAL_ACCENT_COLOR_NAME = AccentColor;
				CODE_SIGN_STYLE = Automatic;
				CURRENT_PROJECT_VERSION = 1;
				DEVELOPMENT_TEAM = 46957CX67H;
				GENERATE_INFOPLIST_FILE = YES;
				INFOPLIST_FILE = Ch6_NetflixStyleSampleApp/Info.plist;
				INFOPLIST_KEY_UIApplicationSupportsIndirectInputEvents = YES;
				INFOPLIST_KEY_UILaunchStoryboardName = LaunchScreen;
				INFOPLIST_KEY_UIMainStoryboardFile = Main;
				INFOPLIST_KEY_UISupportedInterfaceOrientations_iPad = "UIInterfaceOrientationPortrait UIInterfaceOrientationPortraitUpsideDown UIInterfaceOrientationLandscapeLeft UIInterfaceOrientationLandscapeRight";
				INFOPLIST_KEY_UISupportedInterfaceOrientations_iPhone = "UIInterfaceOrientationPortrait UIInterfaceOrientationLandscapeLeft UIInterfaceOrientationLandscapeRight";
				LD_RUNPATH_SEARCH_PATHS = (
					"$(inherited)",
					"@executable_path/Frameworks",
				);
				MARKETING_VERSION = 1.0;
				PRODUCT_BUNDLE_IDENTIFIER = "Sensual-Bee.Ch6-NetflixStyleSampleApp";
				PRODUCT_NAME = "$(TARGET_NAME)";
				SWIFT_EMIT_LOC_STRINGS = YES;
				SWIFT_VERSION = 5.0;
				TARGETED_DEVICE_FAMILY = "1,2";
			};
			name = Release;
		};
/* End XCBuildConfiguration section */

/* Begin XCConfigurationList section */
		B50571A12795ADEA008A6956 /* Build configuration list for PBXProject "Ch6_NetflixStyleSampleApp" */ = {
			isa = XCConfigurationList;
			buildConfigurations = (
				B50571BB2795ADEB008A6956 /* Debug */,
				B50571BC2795ADEB008A6956 /* Release */,
			);
			defaultConfigurationIsVisible = 0;
			defaultConfigurationName = Release;
		};
		B50571BD2795ADEB008A6956 /* Build configuration list for PBXNativeTarget "Ch6_NetflixStyleSampleApp" */ = {
			isa = XCConfigurationList;
			buildConfigurations = (
				B50571BE2795ADEB008A6956 /* Debug */,
				B50571BF2795ADEB008A6956 /* Release */,
			);
			defaultConfigurationIsVisible = 0;
			defaultConfigurationName = Release;
		};
/* End XCConfigurationList section */

/* Begin XCRemoteSwiftPackageReference section */
		B50571C22795B1DB008A6956 /* XCRemoteSwiftPackageReference "SnapKit" */ = {
			isa = XCRemoteSwiftPackageReference;
			repositoryURL = "https://github.com/SnapKit/SnapKit.git";
			requirement = {
				kind = upToNextMajorVersion;
				minimumVersion = 5.0.0;
			};
		};
/* End XCRemoteSwiftPackageReference section */

/* Begin XCSwiftPackageProductDependency section */
		B50571C32795B1DB008A6956 /* SnapKit */ = {
			isa = XCSwiftPackageProductDependency;
			package = B50571C22795B1DB008A6956 /* XCRemoteSwiftPackageReference "SnapKit" */;
			productName = SnapKit;
		};
/* End XCSwiftPackageProductDependency section */

/* Begin XCVersionGroup section */
		B50571B22795ADEA008A6956 /* Ch6_NetflixStyleSampleApp.xcdatamodeld */ = {
			isa = XCVersionGroup;
			children = (
				B50571B32795ADEA008A6956 /* Ch6_NetflixStyleSampleApp.xcdatamodel */,
			);
			currentVersion = B50571B32795ADEA008A6956 /* Ch6_NetflixStyleSampleApp.xcdatamodel */;
			path = Ch6_NetflixStyleSampleApp.xcdatamodeld;
			sourceTree = "<group>";
			versionGroupType = wrapper.xcdatamodel;
		};
/* End XCVersionGroup section */
	};
	rootObject = B505719E2795ADEA008A6956 /* Project object */;
}
