// !$*UTF8*$!
{
	archiveVersion = 1;
	classes = {
	};
	objectVersion = 55;
	objects = {

/* Begin PBXBuildFile section */
		B508222F272E609B00A9232D /* AppDelegate.swift in Sources */ = {isa = PBXBuildFile; fileRef = B508222E272E609B00A9232D /* AppDelegate.swift */; };
		B5082231272E609B00A9232D /* SceneDelegate.swift in Sources */ = {isa = PBXBuildFile; fileRef = B5082230272E609B00A9232D /* SceneDelegate.swift */; };
		B5082233272E609B00A9232D /* ViewController.swift in Sources */ = {isa = PBXBuildFile; fileRef = B5082232272E609B00A9232D /* ViewController.swift */; };
		B5082236272E609B00A9232D /* Main.storyboard in Resources */ = {isa = PBXBuildFile; fileRef = B5082234272E609B00A9232D /* Main.storyboard */; };
		B5082239272E609B00A9232D /* randomcode_applyCh1.xcdatamodeld in Sources */ = {isa = PBXBuildFile; fileRef = B5082237272E609B00A9232D /* randomcode_applyCh1.xcdatamodeld */; };
		B508223B272E609D00A9232D /* Assets.xcassets in Resources */ = {isa = PBXBuildFile; fileRef = B508223A272E609D00A9232D /* Assets.xcassets */; };
		B508223E272E609D00A9232D /* LaunchScreen.storyboard in Resources */ = {isa = PBXBuildFile; fileRef = B508223C272E609D00A9232D /* LaunchScreen.storyboard */; };
		B5082246272E679800A9232D /* sentens.swift in Sources */ = {isa = PBXBuildFile; fileRef = B5082245272E679800A9232D /* sentens.swift */; };
/* End PBXBuildFile section */

/* Begin PBXFileReference section */
		B508222B272E609B00A9232D /* randomcode_applyCh1.app */ = {isa = PBXFileReference; explicitFileType = wrapper.application; includeInIndex = 0; path = randomcode_applyCh1.app; sourceTree = BUILT_PRODUCTS_DIR; };
		B508222E272E609B00A9232D /* AppDelegate.swift */ = {isa = PBXFileReference; lastKnownFileType = sourcecode.swift; path = AppDelegate.swift; sourceTree = "<group>"; };
		B5082230272E609B00A9232D /* SceneDelegate.swift */ = {isa = PBXFileReference; lastKnownFileType = sourcecode.swift; path = SceneDelegate.swift; sourceTree = "<group>"; };
		B5082232272E609B00A9232D /* ViewController.swift */ = {isa = PBXFileReference; lastKnownFileType = sourcecode.swift; path = ViewController.swift; sourceTree = "<group>"; };
		B5082235272E609B00A9232D /* Base */ = {isa = PBXFileReference; lastKnownFileType = file.storyboard; name = Base; path = Base.lproj/Main.storyboard; sourceTree = "<group>"; };
		B5082238272E609B00A9232D /* randomcode_applyCh1.xcdatamodel */ = {isa = PBXFileReference; lastKnownFileType = wrapper.xcdatamodel; path = randomcode_applyCh1.xcdatamodel; sourceTree = "<group>"; };
		B508223A272E609D00A9232D /* Assets.xcassets */ = {isa = PBXFileReference; lastKnownFileType = folder.assetcatalog; path = Assets.xcassets; sourceTree = "<group>"; };
		B508223D272E609D00A9232D /* Base */ = {isa = PBXFileReference; lastKnownFileType = file.storyboard; name = Base; path = Base.lproj/LaunchScreen.storyboard; sourceTree = "<group>"; };
		B508223F272E609D00A9232D /* Info.plist */ = {isa = PBXFileReference; lastKnownFileType = text.plist.xml; path = Info.plist; sourceTree = "<group>"; };
		B5082245272E679800A9232D /* sentens.swift */ = {isa = PBXFileReference; lastKnownFileType = sourcecode.swift; path = sentens.swift; sourceTree = "<group>"; };
/* End PBXFileReference section */

/* Begin PBXFrameworksBuildPhase section */
		B5082228272E609B00A9232D /* Frameworks */ = {
			isa = PBXFrameworksBuildPhase;
			buildActionMask = 2147483647;
			files = (
			);
			runOnlyForDeploymentPostprocessing = 0;
		};
/* End PBXFrameworksBuildPhase section */

/* Begin PBXGroup section */
		B5082222272E609B00A9232D = {
			isa = PBXGroup;
			children = (
				B508222D272E609B00A9232D /* randomcode_applyCh1 */,
				B508222C272E609B00A9232D /* Products */,
			);
			sourceTree = "<group>";
		};
		B508222C272E609B00A9232D /* Products */ = {
			isa = PBXGroup;
			children = (
				B508222B272E609B00A9232D /* randomcode_applyCh1.app */,
			);
			name = Products;
			sourceTree = "<group>";
		};
		B508222D272E609B00A9232D /* randomcode_applyCh1 */ = {
			isa = PBXGroup;
			children = (
				B508222E272E609B00A9232D /* AppDelegate.swift */,
				B5082230272E609B00A9232D /* SceneDelegate.swift */,
				B5082232272E609B00A9232D /* ViewController.swift */,
				B5082245272E679800A9232D /* sentens.swift */,
				B5082234272E609B00A9232D /* Main.storyboard */,
				B508223A272E609D00A9232D /* Assets.xcassets */,
				B508223C272E609D00A9232D /* LaunchScreen.storyboard */,
				B508223F272E609D00A9232D /* Info.plist */,
				B5082237272E609B00A9232D /* randomcode_applyCh1.xcdatamodeld */,
			);
			path = randomcode_applyCh1;
			sourceTree = "<group>";
		};
/* End PBXGroup section */

/* Begin PBXNativeTarget section */
		B508222A272E609B00A9232D /* randomcode_applyCh1 */ = {
			isa = PBXNativeTarget;
			buildConfigurationList = B5082242272E609D00A9232D /* Build configuration list for PBXNativeTarget "randomcode_applyCh1" */;
			buildPhases = (
				B5082227272E609B00A9232D /* Sources */,
				B5082228272E609B00A9232D /* Frameworks */,
				B5082229272E609B00A9232D /* Resources */,
			);
			buildRules = (
			);
			dependencies = (
			);
			name = randomcode_applyCh1;
			productName = randomcode_applyCh1;
			productReference = B508222B272E609B00A9232D /* randomcode_applyCh1.app */;
			productType = "com.apple.product-type.application";
		};
/* End PBXNativeTarget section */

/* Begin PBXProject section */
		B5082223272E609B00A9232D /* Project object */ = {
			isa = PBXProject;
			attributes = {
				BuildIndependentTargetsInParallel = 1;
				LastSwiftUpdateCheck = 1310;
				LastUpgradeCheck = 1310;
				TargetAttributes = {
					B508222A272E609B00A9232D = {
						CreatedOnToolsVersion = 13.1;
					};
				};
			};
			buildConfigurationList = B5082226272E609B00A9232D /* Build configuration list for PBXProject "randomcode_applyCh1" */;
			compatibilityVersion = "Xcode 13.0";
			developmentRegion = en;
			hasScannedForEncodings = 0;
			knownRegions = (
				en,
				Base,
			);
			mainGroup = B5082222272E609B00A9232D;
			productRefGroup = B508222C272E609B00A9232D /* Products */;
			projectDirPath = "";
			projectRoot = "";
			targets = (
				B508222A272E609B00A9232D /* randomcode_applyCh1 */,
			);
		};
/* End PBXProject section */

/* Begin PBXResourcesBuildPhase section */
		B5082229272E609B00A9232D /* Resources */ = {
			isa = PBXResourcesBuildPhase;
			buildActionMask = 2147483647;
			files = (
				B508223E272E609D00A9232D /* LaunchScreen.storyboard in Resources */,
				B508223B272E609D00A9232D /* Assets.xcassets in Resources */,
				B5082236272E609B00A9232D /* Main.storyboard in Resources */,
			);
			runOnlyForDeploymentPostprocessing = 0;
		};
/* End PBXResourcesBuildPhase section */

/* Begin PBXSourcesBuildPhase section */
		B5082227272E609B00A9232D /* Sources */ = {
			isa = PBXSourcesBuildPhase;
			buildActionMask = 2147483647;
			files = (
				B5082246272E679800A9232D /* sentens.swift in Sources */,
				B5082233272E609B00A9232D /* ViewController.swift in Sources */,
				B508222F272E609B00A9232D /* AppDelegate.swift in Sources */,
				B5082239272E609B00A9232D /* randomcode_applyCh1.xcdatamodeld in Sources */,
				B5082231272E609B00A9232D /* SceneDelegate.swift in Sources */,
			);
			runOnlyForDeploymentPostprocessing = 0;
		};
/* End PBXSourcesBuildPhase section */

/* Begin PBXVariantGroup section */
		B5082234272E609B00A9232D /* Main.storyboard */ = {
			isa = PBXVariantGroup;
			children = (
				B5082235272E609B00A9232D /* Base */,
			);
			name = Main.storyboard;
			sourceTree = "<group>";
		};
		B508223C272E609D00A9232D /* LaunchScreen.storyboard */ = {
			isa = PBXVariantGroup;
			children = (
				B508223D272E609D00A9232D /* Base */,
			);
			name = LaunchScreen.storyboard;
			sourceTree = "<group>";
		};
/* End PBXVariantGroup section */

/* Begin XCBuildConfiguration section */
		B5082240272E609D00A9232D /* Debug */ = {
			isa = XCBuildConfiguration;
			buildSettings = {
				ALWAYS_SEARCH_USER_PATHS = NO;
				CLANG_ANALYZER_NONNULL = YES;
				CLANG_ANALYZER_NUMBER_OBJECT_CONVERSION = YES_AGGRESSIVE;
				CLANG_CXX_LANGUAGE_STANDARD = "gnu++17";
				CLANG_CXX_LIBRARY = "libc++";
				CLANG_ENABLE_MODULES = YES;
				CLANG_ENABLE_OBJC_ARC = YES;
				CLANG_ENABLE_OBJC_WEAK = YES;
				CLANG_WARN_BLOCK_CAPTURE_AUTORELEASING = YES;
				CLANG_WARN_BOOL_CONVERSION = YES;
				CLANG_WARN_COMMA = YES;
				CLANG_WARN_CONSTANT_CONVERSION = YES;
				CLANG_WARN_DEPRECATED_OBJC_IMPLEMENTATIONS = YES;
				CLANG_WARN_DIRECT_OBJC_ISA_USAGE = YES_ERROR;
				CLANG_WARN_DOCUMENTATION_COMMENTS = YES;
				CLANG_WARN_EMPTY_BODY = YES;
				CLANG_WARN_ENUM_CONVERSION = YES;
				CLANG_WARN_INFINITE_RECURSION = YES;
				CLANG_WARN_INT_CONVERSION = YES;
				CLANG_WARN_NON_LITERAL_NULL_CONVERSION = YES;
				CLANG_WARN_OBJC_IMPLICIT_RETAIN_SELF = YES;
				CLANG_WARN_OBJC_LITERAL_CONVERSION = YES;
				CLANG_WARN_OBJC_ROOT_CLASS = YES_ERROR;
				CLANG_WARN_QUOTED_INCLUDE_IN_FRAMEWORK_HEADER = YES;
				CLANG_WARN_RANGE_LOOP_ANALYSIS = YES;
				CLANG_WARN_STRICT_PROTOTYPES = YES;
				CLANG_WARN_SUSPICIOUS_MOVE = YES;
				CLANG_WARN_UNGUARDED_AVAILABILITY = YES_AGGRESSIVE;
				CLANG_WARN_UNREACHABLE_CODE = YES;
				CLANG_WARN__DUPLICATE_METHOD_MATCH = YES;
				COPY_PHASE_STRIP = NO;
				DEBUG_INFORMATION_FORMAT = dwarf;
				ENABLE_STRICT_OBJC_MSGSEND = YES;
				ENABLE_TESTABILITY = YES;
				GCC_C_LANGUAGE_STANDARD = gnu11;
				GCC_DYNAMIC_NO_PIC = NO;
				GCC_NO_COMMON_BLOCKS = YES;
				GCC_OPTIMIZATION_LEVEL = 0;
				GCC_PREPROCESSOR_DEFINITIONS = (
					"DEBUG=1",
					"$(inherited)",
				);
				GCC_WARN_64_TO_32_BIT_CONVERSION = YES;
				GCC_WARN_ABOUT_RETURN_TYPE = YES_ERROR;
				GCC_WARN_UNDECLARED_SELECTOR = YES;
				GCC_WARN_UNINITIALIZED_AUTOS = YES_AGGRESSIVE;
				GCC_WARN_UNUSED_FUNCTION = YES;
				GCC_WARN_UNUSED_VARIABLE = YES;
				IPHONEOS_DEPLOYMENT_TARGET = 15.0;
				MTL_ENABLE_DEBUG_INFO = INCLUDE_SOURCE;
				MTL_FAST_MATH = YES;
				ONLY_ACTIVE_ARCH = YES;
				SDKROOT = iphoneos;
				SWIFT_ACTIVE_COMPILATION_CONDITIONS = DEBUG;
				SWIFT_OPTIMIZATION_LEVEL = "-Onone";
			};
			name = Debug;
		};
		B5082241272E609D00A9232D /* Release */ = {
			isa = XCBuildConfiguration;
			buildSettings = {
				ALWAYS_SEARCH_USER_PATHS = NO;
				CLANG_ANALYZER_NONNULL = YES;
				CLANG_ANALYZER_NUMBER_OBJECT_CONVERSION = YES_AGGRESSIVE;
				CLANG_CXX_LANGUAGE_STANDARD = "gnu++17";
				CLANG_CXX_LIBRARY = "libc++";
				CLANG_ENABLE_MODULES = YES;
				CLANG_ENABLE_OBJC_ARC = YES;
				CLANG_ENABLE_OBJC_WEAK = YES;
				CLANG_WARN_BLOCK_CAPTURE_AUTORELEASING = YES;
				CLANG_WARN_BOOL_CONVERSION = YES;
				CLANG_WARN_COMMA = YES;
				CLANG_WARN_CONSTANT_CONVERSION = YES;
				CLANG_WARN_DEPRECATED_OBJC_IMPLEMENTATIONS = YES;
				CLANG_WARN_DIRECT_OBJC_ISA_USAGE = YES_ERROR;
				CLANG_WARN_DOCUMENTATION_COMMENTS = YES;
				CLANG_WARN_EMPTY_BODY = YES;
				CLANG_WARN_ENUM_CONVERSION = YES;
				CLANG_WARN_INFINITE_RECURSION = YES;
				CLANG_WARN_INT_CONVERSION = YES;
				CLANG_WARN_NON_LITERAL_NULL_CONVERSION = YES;
				CLANG_WARN_OBJC_IMPLICIT_RETAIN_SELF = YES;
				CLANG_WARN_OBJC_LITERAL_CONVERSION = YES;
				CLANG_WARN_OBJC_ROOT_CLASS = YES_ERROR;
				CLANG_WARN_QUOTED_INCLUDE_IN_FRAMEWORK_HEADER = YES;
				CLANG_WARN_RANGE_LOOP_ANALYSIS = YES;
				CLANG_WARN_STRICT_PROTOTYPES = YES;
				CLANG_WARN_SUSPICIOUS_MOVE = YES;
				CLANG_WARN_UNGUARDED_AVAILABILITY = YES_AGGRESSIVE;
				CLANG_WARN_UNREACHABLE_CODE = YES;
				CLANG_WARN__DUPLICATE_METHOD_MATCH = YES;
				COPY_PHASE_STRIP = NO;
				DEBUG_INFORMATION_FORMAT = "dwarf-with-dsym";
				ENABLE_NS_ASSERTIONS = NO;
				ENABLE_STRICT_OBJC_MSGSEND = YES;
				GCC_C_LANGUAGE_STANDARD = gnu11;
				GCC_NO_COMMON_BLOCKS = YES;
				GCC_WARN_64_TO_32_BIT_CONVERSION = YES;
				GCC_WARN_ABOUT_RETURN_TYPE = YES_ERROR;
				GCC_WARN_UNDECLARED_SELECTOR = YES;
				GCC_WARN_UNINITIALIZED_AUTOS = YES_AGGRESSIVE;
				GCC_WARN_UNUSED_FUNCTION = YES;
				GCC_WARN_UNUSED_VARIABLE = YES;
				IPHONEOS_DEPLOYMENT_TARGET = 15.0;
				MTL_ENABLE_DEBUG_INFO = NO;
				MTL_FAST_MATH = YES;
				SDKROOT = iphoneos;
				SWIFT_COMPILATION_MODE = wholemodule;
				SWIFT_OPTIMIZATION_LEVEL = "-O";
				VALIDATE_PRODUCT = YES;
			};
			name = Release;
		};
		B5082243272E609D00A9232D /* Debug */ = {
			isa = XCBuildConfiguration;
			buildSettings = {
				ASSETCATALOG_COMPILER_APPICON_NAME = AppIcon;
				ASSETCATALOG_COMPILER_GLOBAL_ACCENT_COLOR_NAME = AccentColor;
				CODE_SIGN_STYLE = Automatic;
				CURRENT_PROJECT_VERSION = 1;
				DEVELOPMENT_TEAM = 46957CX67H;
				GENERATE_INFOPLIST_FILE = YES;
				INFOPLIST_FILE = randomcode_applyCh1/Info.plist;
				INFOPLIST_KEY_UIApplicationSupportsIndirectInputEvents = YES;
				INFOPLIST_KEY_UILaunchStoryboardName = LaunchScreen;
				INFOPLIST_KEY_UIMainStoryboardFile = Main;
				INFOPLIST_KEY_UISupportedInterfaceOrientations_iPad = "UIInterfaceOrientationPortrait UIInterfaceOrientationPortraitUpsideDown UIInterfaceOrientationLandscapeLeft UIInterfaceOrientationLandscapeRight";
				INFOPLIST_KEY_UISupportedInterfaceOrientations_iPhone = "UIInterfaceOrientationPortrait UIInterfaceOrientationLandscapeLeft UIInterfaceOrientationLandscapeRight";
				LD_RUNPATH_SEARCH_PATHS = (
					"$(inherited)",
					"@executable_path/Frameworks",
				);
				MARKETING_VERSION = 1.0;
				PRODUCT_BUNDLE_IDENTIFIER = "Sensual-Bee.randomcode-applyCh1";
				PRODUCT_NAME = "$(TARGET_NAME)";
				SWIFT_EMIT_LOC_STRINGS = YES;
				SWIFT_VERSION = 5.0;
				TARGETED_DEVICE_FAMILY = "1,2";
			};
			name = Debug;
		};
		B5082244272E609D00A9232D /* Release */ = {
			isa = XCBuildConfiguration;
			buildSettings = {
				ASSETCATALOG_COMPILER_APPICON_NAME = AppIcon;
				ASSETCATALOG_COMPILER_GLOBAL_ACCENT_COLOR_NAME = AccentColor;
				CODE_SIGN_STYLE = Automatic;
				CURRENT_PROJECT_VERSION = 1;
				DEVELOPMENT_TEAM = 46957CX67H;
				GENERATE_INFOPLIST_FILE = YES;
				INFOPLIST_FILE = randomcode_applyCh1/Info.plist;
				INFOPLIST_KEY_UIApplicationSupportsIndirectInputEvents = YES;
				INFOPLIST_KEY_UILaunchStoryboardName = LaunchScreen;
				INFOPLIST_KEY_UIMainStoryboardFile = Main;
				INFOPLIST_KEY_UISupportedInterfaceOrientations_iPad = "UIInterfaceOrientationPortrait UIInterfaceOrientationPortraitUpsideDown UIInterfaceOrientationLandscapeLeft UIInterfaceOrientationLandscapeRight";
				INFOPLIST_KEY_UISupportedInterfaceOrientations_iPhone = "UIInterfaceOrientationPortrait UIInterfaceOrientationLandscapeLeft UIInterfaceOrientationLandscapeRight";
				LD_RUNPATH_SEARCH_PATHS = (
					"$(inherited)",
					"@executable_path/Frameworks",
				);
				MARKETING_VERSION = 1.0;
				PRODUCT_BUNDLE_IDENTIFIER = "Sensual-Bee.randomcode-applyCh1";
				PRODUCT_NAME = "$(TARGET_NAME)";
				SWIFT_EMIT_LOC_STRINGS = YES;
				SWIFT_VERSION = 5.0;
				TARGETED_DEVICE_FAMILY = "1,2";
			};
			name = Release;
		};
/* End XCBuildConfiguration section */

/* Begin XCConfigurationList section */
		B5082226272E609B00A9232D /* Build configuration list for PBXProject "randomcode_applyCh1" */ = {
			isa = XCConfigurationList;
			buildConfigurations = (
				B5082240272E609D00A9232D /* Debug */,
				B5082241272E609D00A9232D /* Release */,
			);
			defaultConfigurationIsVisible = 0;
			defaultConfigurationName = Release;
		};
		B5082242272E609D00A9232D /* Build configuration list for PBXNativeTarget "randomcode_applyCh1" */ = {
			isa = XCConfigurationList;
			buildConfigurations = (
				B5082243272E609D00A9232D /* Debug */,
				B5082244272E609D00A9232D /* Release */,
			);
			defaultConfigurationIsVisible = 0;
			defaultConfigurationName = Release;
		};
/* End XCConfigurationList section */

/* Begin XCVersionGroup section */
		B5082237272E609B00A9232D /* randomcode_applyCh1.xcdatamodeld */ = {
			isa = XCVersionGroup;
			children = (
				B5082238272E609B00A9232D /* randomcode_applyCh1.xcdatamodel */,
			);
			currentVersion = B5082238272E609B00A9232D /* randomcode_applyCh1.xcdatamodel */;
			path = randomcode_applyCh1.xcdatamodeld;
			sourceTree = "<group>";
			versionGroupType = wrapper.xcdatamodel;
		};
/* End XCVersionGroup section */
	};
	rootObject = B5082223272E609B00A9232D /* Project object */;
}
