// !$*UTF8*$!
{
	archiveVersion = 1;
	classes = {
	};
	objectVersion = 55;
	objects = {

/* Begin PBXBuildFile section */
		B590310D27B7E981009CC2A6 /* AppDelegate.swift in Sources */ = {isa = PBXBuildFile; fileRef = B590310C27B7E981009CC2A6 /* AppDelegate.swift */; };
		B590310F27B7E981009CC2A6 /* SceneDelegate.swift in Sources */ = {isa = PBXBuildFile; fileRef = B590310E27B7E981009CC2A6 /* SceneDelegate.swift */; };
		B590311127B7E981009CC2A6 /* FeedViewController.swift in Sources */ = {isa = PBXBuildFile; fileRef = B590311027B7E981009CC2A6 /* FeedViewController.swift */; };
		B590311727B7E981009CC2A6 /* Ch4_OutStargram.xcdatamodeld in Sources */ = {isa = PBXBuildFile; fileRef = B590311527B7E981009CC2A6 /* Ch4_OutStargram.xcdatamodeld */; };
		B590311927B7E982009CC2A6 /* Assets.xcassets in Resources */ = {isa = PBXBuildFile; fileRef = B590311827B7E982009CC2A6 /* Assets.xcassets */; };
		B590311C27B7E982009CC2A6 /* LaunchScreen.storyboard in Resources */ = {isa = PBXBuildFile; fileRef = B590311A27B7E982009CC2A6 /* LaunchScreen.storyboard */; };
		B590312527B7E9A1009CC2A6 /* SnapKit in Frameworks */ = {isa = PBXBuildFile; productRef = B590312427B7E9A1009CC2A6 /* SnapKit */; };
		B590312727B7EAFA009CC2A6 /* TabBarController.swift in Sources */ = {isa = PBXBuildFile; fileRef = B590312627B7EAFA009CC2A6 /* TabBarController.swift */; };
		B590312A27B7FF75009CC2A6 /* FeedTableViewCell.swift in Sources */ = {isa = PBXBuildFile; fileRef = B590312927B7FF75009CC2A6 /* FeedTableViewCell.swift */; };
		B5E8183427B8261B0061DD69 /* UIButton+.swift in Sources */ = {isa = PBXBuildFile; fileRef = B5E8183327B8261B0061DD69 /* UIButton+.swift */; };
		B5E8183727B827210061DD69 /* ProfileViewController.swift in Sources */ = {isa = PBXBuildFile; fileRef = B5E8183627B827210061DD69 /* ProfileViewController.swift */; };
		B5E8183A27B8385D0061DD69 /* ProfileDataView.swift in Sources */ = {isa = PBXBuildFile; fileRef = B5E8183927B8385D0061DD69 /* ProfileDataView.swift */; };
		B5E8183C27B83C2F0061DD69 /* ProfileCollectionViewCell.swift in Sources */ = {isa = PBXBuildFile; fileRef = B5E8183B27B83C2F0061DD69 /* ProfileCollectionViewCell.swift */; };
/* End PBXBuildFile section */

/* Begin PBXFileReference section */
		B590310927B7E981009CC2A6 /* Ch4_OutStargram.app */ = {isa = PBXFileReference; explicitFileType = wrapper.application; includeInIndex = 0; path = Ch4_OutStargram.app; sourceTree = BUILT_PRODUCTS_DIR; };
		B590310C27B7E981009CC2A6 /* AppDelegate.swift */ = {isa = PBXFileReference; lastKnownFileType = sourcecode.swift; path = AppDelegate.swift; sourceTree = "<group>"; };
		B590310E27B7E981009CC2A6 /* SceneDelegate.swift */ = {isa = PBXFileReference; lastKnownFileType = sourcecode.swift; path = SceneDelegate.swift; sourceTree = "<group>"; };
		B590311027B7E981009CC2A6 /* FeedViewController.swift */ = {isa = PBXFileReference; lastKnownFileType = sourcecode.swift; path = FeedViewController.swift; sourceTree = "<group>"; };
		B590311627B7E981009CC2A6 /* Ch4_OutStargram.xcdatamodel */ = {isa = PBXFileReference; lastKnownFileType = wrapper.xcdatamodel; path = Ch4_OutStargram.xcdatamodel; sourceTree = "<group>"; };
		B590311827B7E982009CC2A6 /* Assets.xcassets */ = {isa = PBXFileReference; lastKnownFileType = folder.assetcatalog; path = Assets.xcassets; sourceTree = "<group>"; };
		B590311B27B7E982009CC2A6 /* Base */ = {isa = PBXFileReference; lastKnownFileType = file.storyboard; name = Base; path = Base.lproj/LaunchScreen.storyboard; sourceTree = "<group>"; };
		B590311D27B7E982009CC2A6 /* Info.plist */ = {isa = PBXFileReference; lastKnownFileType = text.plist.xml; path = Info.plist; sourceTree = "<group>"; };
		B590312627B7EAFA009CC2A6 /* TabBarController.swift */ = {isa = PBXFileReference; lastKnownFileType = sourcecode.swift; path = TabBarController.swift; sourceTree = "<group>"; };
		B590312927B7FF75009CC2A6 /* FeedTableViewCell.swift */ = {isa = PBXFileReference; lastKnownFileType = sourcecode.swift; path = FeedTableViewCell.swift; sourceTree = "<group>"; };
		B5E8183327B8261B0061DD69 /* UIButton+.swift */ = {isa = PBXFileReference; lastKnownFileType = sourcecode.swift; path = "UIButton+.swift"; sourceTree = "<group>"; };
		B5E8183627B827210061DD69 /* ProfileViewController.swift */ = {isa = PBXFileReference; lastKnownFileType = sourcecode.swift; path = ProfileViewController.swift; sourceTree = "<group>"; };
		B5E8183927B8385D0061DD69 /* ProfileDataView.swift */ = {isa = PBXFileReference; lastKnownFileType = sourcecode.swift; path = ProfileDataView.swift; sourceTree = "<group>"; };
		B5E8183B27B83C2F0061DD69 /* ProfileCollectionViewCell.swift */ = {isa = PBXFileReference; lastKnownFileType = sourcecode.swift; path = ProfileCollectionViewCell.swift; sourceTree = "<group>"; };
/* End PBXFileReference section */

/* Begin PBXFrameworksBuildPhase section */
		B590310627B7E981009CC2A6 /* Frameworks */ = {
			isa = PBXFrameworksBuildPhase;
			buildActionMask = 2147483647;
			files = (
				B590312527B7E9A1009CC2A6 /* SnapKit in Frameworks */,
			);
			runOnlyForDeploymentPostprocessing = 0;
		};
/* End PBXFrameworksBuildPhase section */

/* Begin PBXGroup section */
		B590310027B7E981009CC2A6 = {
			isa = PBXGroup;
			children = (
				B590310B27B7E981009CC2A6 /* Ch4_OutStargram */,
				B590310A27B7E981009CC2A6 /* Products */,
			);
			sourceTree = "<group>";
		};
		B590310A27B7E981009CC2A6 /* Products */ = {
			isa = PBXGroup;
			children = (
				B590310927B7E981009CC2A6 /* Ch4_OutStargram.app */,
			);
			name = Products;
			sourceTree = "<group>";
		};
		B590310B27B7E981009CC2A6 /* Ch4_OutStargram */ = {
			isa = PBXGroup;
			children = (
				B590310C27B7E981009CC2A6 /* AppDelegate.swift */,
				B590310E27B7E981009CC2A6 /* SceneDelegate.swift */,
				B5E8183327B8261B0061DD69 /* UIButton+.swift */,
				B590312827B7EB0D009CC2A6 /* Scenes */,
				B590311827B7E982009CC2A6 /* Assets.xcassets */,
				B590311A27B7E982009CC2A6 /* LaunchScreen.storyboard */,
				B590311D27B7E982009CC2A6 /* Info.plist */,
				B590311527B7E981009CC2A6 /* Ch4_OutStargram.xcdatamodeld */,
			);
			path = Ch4_OutStargram;
			sourceTree = "<group>";
		};
		B590312827B7EB0D009CC2A6 /* Scenes */ = {
			isa = PBXGroup;
			children = (
				B590312627B7EAFA009CC2A6 /* TabBarController.swift */,
				B5E8183527B826FF0061DD69 /* Feed */,
				B5E8183827B827250061DD69 /* Profile */,
			);
			path = Scenes;
			sourceTree = "<group>";
		};
		B5E8183527B826FF0061DD69 /* Feed */ = {
			isa = PBXGroup;
			children = (
				B590311027B7E981009CC2A6 /* FeedViewController.swift */,
				B590312927B7FF75009CC2A6 /* FeedTableViewCell.swift */,
			);
			path = Feed;
			sourceTree = "<group>";
		};
		B5E8183827B827250061DD69 /* Profile */ = {
			isa = PBXGroup;
			children = (
				B5E8183627B827210061DD69 /* ProfileViewController.swift */,
				B5E8183B27B83C2F0061DD69 /* ProfileCollectionViewCell.swift */,
				B5E8183927B8385D0061DD69 /* ProfileDataView.swift */,
			);
			path = Profile;
			sourceTree = "<group>";
		};
/* End PBXGroup section */

/* Begin PBXNativeTarget section */
		B590310827B7E981009CC2A6 /* Ch4_OutStargram */ = {
			isa = PBXNativeTarget;
			buildConfigurationList = B590312027B7E982009CC2A6 /* Build configuration list for PBXNativeTarget "Ch4_OutStargram" */;
			buildPhases = (
				B590310527B7E981009CC2A6 /* Sources */,
				B590310627B7E981009CC2A6 /* Frameworks */,
				B590310727B7E981009CC2A6 /* Resources */,
			);
			buildRules = (
			);
			dependencies = (
			);
			name = Ch4_OutStargram;
			packageProductDependencies = (
				B590312427B7E9A1009CC2A6 /* SnapKit */,
			);
			productName = Ch4_OutStargram;
			productReference = B590310927B7E981009CC2A6 /* Ch4_OutStargram.app */;
			productType = "com.apple.product-type.application";
		};
/* End PBXNativeTarget section */

/* Begin PBXProject section */
		B590310127B7E981009CC2A6 /* Project object */ = {
			isa = PBXProject;
			attributes = {
				BuildIndependentTargetsInParallel = 1;
				LastSwiftUpdateCheck = 1320;
				LastUpgradeCheck = 1320;
				TargetAttributes = {
					B590310827B7E981009CC2A6 = {
						CreatedOnToolsVersion = 13.2.1;
					};
				};
			};
			buildConfigurationList = B590310427B7E981009CC2A6 /* Build configuration list for PBXProject "Ch4_OutStargram" */;
			compatibilityVersion = "Xcode 13.0";
			developmentRegion = en;
			hasScannedForEncodings = 0;
			knownRegions = (
				en,
				Base,
			);
			mainGroup = B590310027B7E981009CC2A6;
			packageReferences = (
				B590312327B7E9A1009CC2A6 /* XCRemoteSwiftPackageReference "SnapKit" */,
			);
			productRefGroup = B590310A27B7E981009CC2A6 /* Products */;
			projectDirPath = "";
			projectRoot = "";
			targets = (
				B590310827B7E981009CC2A6 /* Ch4_OutStargram */,
			);
		};
/* End PBXProject section */

/* Begin PBXResourcesBuildPhase section */
		B590310727B7E981009CC2A6 /* Resources */ = {
			isa = PBXResourcesBuildPhase;
			buildActionMask = 2147483647;
			files = (
				B590311C27B7E982009CC2A6 /* LaunchScreen.storyboard in Resources */,
				B590311927B7E982009CC2A6 /* Assets.xcassets in Resources */,
			);
			runOnlyForDeploymentPostprocessing = 0;
		};
/* End PBXResourcesBuildPhase section */

/* Begin PBXSourcesBuildPhase section */
		B590310527B7E981009CC2A6 /* Sources */ = {
			isa = PBXSourcesBuildPhase;
			buildActionMask = 2147483647;
			files = (
				B590311127B7E981009CC2A6 /* FeedViewController.swift in Sources */,
				B5E8183427B8261B0061DD69 /* UIButton+.swift in Sources */,
				B590312A27B7FF75009CC2A6 /* FeedTableViewCell.swift in Sources */,
				B590310D27B7E981009CC2A6 /* AppDelegate.swift in Sources */,
				B5E8183C27B83C2F0061DD69 /* ProfileCollectionViewCell.swift in Sources */,
				B590310F27B7E981009CC2A6 /* SceneDelegate.swift in Sources */,
				B590312727B7EAFA009CC2A6 /* TabBarController.swift in Sources */,
				B5E8183727B827210061DD69 /* ProfileViewController.swift in Sources */,
				B590311727B7E981009CC2A6 /* Ch4_OutStargram.xcdatamodeld in Sources */,
				B5E8183A27B8385D0061DD69 /* ProfileDataView.swift in Sources */,
			);
			runOnlyForDeploymentPostprocessing = 0;
		};
/* End PBXSourcesBuildPhase section */

/* Begin PBXVariantGroup section */
		B590311A27B7E982009CC2A6 /* LaunchScreen.storyboard */ = {
			isa = PBXVariantGroup;
			children = (
				B590311B27B7E982009CC2A6 /* Base */,
			);
			name = LaunchScreen.storyboard;
			sourceTree = "<group>";
		};
/* End PBXVariantGroup section */

/* Begin XCBuildConfiguration section */
		B590311E27B7E982009CC2A6 /* Debug */ = {
			isa = XCBuildConfiguration;
			buildSettings = {
				ALWAYS_SEARCH_USER_PATHS = NO;
				CLANG_ANALYZER_NONNULL = YES;
				CLANG_ANALYZER_NUMBER_OBJECT_CONVERSION = YES_AGGRESSIVE;
				CLANG_CXX_LANGUAGE_STANDARD = "gnu++17";
				CLANG_CXX_LIBRARY = "libc++";
				CLANG_ENABLE_MODULES = YES;
				CLANG_ENABLE_OBJC_ARC = YES;
				CLANG_ENABLE_OBJC_WEAK = YES;
				CLANG_WARN_BLOCK_CAPTURE_AUTORELEASING = YES;
				CLANG_WARN_BOOL_CONVERSION = YES;
				CLANG_WARN_COMMA = YES;
				CLANG_WARN_CONSTANT_CONVERSION = YES;
				CLANG_WARN_DEPRECATED_OBJC_IMPLEMENTATIONS = YES;
				CLANG_WARN_DIRECT_OBJC_ISA_USAGE = YES_ERROR;
				CLANG_WARN_DOCUMENTATION_COMMENTS = YES;
				CLANG_WARN_EMPTY_BODY = YES;
				CLANG_WARN_ENUM_CONVERSION = YES;
				CLANG_WARN_INFINITE_RECURSION = YES;
				CLANG_WARN_INT_CONVERSION = YES;
				CLANG_WARN_NON_LITERAL_NULL_CONVERSION = YES;
				CLANG_WARN_OBJC_IMPLICIT_RETAIN_SELF = YES;
				CLANG_WARN_OBJC_LITERAL_CONVERSION = YES;
				CLANG_WARN_OBJC_ROOT_CLASS = YES_ERROR;
				CLANG_WARN_QUOTED_INCLUDE_IN_FRAMEWORK_HEADER = YES;
				CLANG_WARN_RANGE_LOOP_ANALYSIS = YES;
				CLANG_WARN_STRICT_PROTOTYPES = YES;
				CLANG_WARN_SUSPICIOUS_MOVE = YES;
				CLANG_WARN_UNGUARDED_AVAILABILITY = YES_AGGRESSIVE;
				CLANG_WARN_UNREACHABLE_CODE = YES;
				CLANG_WARN__DUPLICATE_METHOD_MATCH = YES;
				COPY_PHASE_STRIP = NO;
				DEBUG_INFORMATION_FORMAT = dwarf;
				ENABLE_STRICT_OBJC_MSGSEND = YES;
				ENABLE_TESTABILITY = YES;
				GCC_C_LANGUAGE_STANDARD = gnu11;
				GCC_DYNAMIC_NO_PIC = NO;
				GCC_NO_COMMON_BLOCKS = YES;
				GCC_OPTIMIZATION_LEVEL = 0;
				GCC_PREPROCESSOR_DEFINITIONS = (
					"DEBUG=1",
					"$(inherited)",
				);
				GCC_WARN_64_TO_32_BIT_CONVERSION = YES;
				GCC_WARN_ABOUT_RETURN_TYPE = YES_ERROR;
				GCC_WARN_UNDECLARED_SELECTOR = YES;
				GCC_WARN_UNINITIALIZED_AUTOS = YES_AGGRESSIVE;
				GCC_WARN_UNUSED_FUNCTION = YES;
				GCC_WARN_UNUSED_VARIABLE = YES;
				IPHONEOS_DEPLOYMENT_TARGET = 15.2;
				MTL_ENABLE_DEBUG_INFO = INCLUDE_SOURCE;
				MTL_FAST_MATH = YES;
				ONLY_ACTIVE_ARCH = YES;
				SDKROOT = iphoneos;
				SWIFT_ACTIVE_COMPILATION_CONDITIONS = DEBUG;
				SWIFT_OPTIMIZATION_LEVEL = "-Onone";
			};
			name = Debug;
		};
		B590311F27B7E982009CC2A6 /* Release */ = {
			isa = XCBuildConfiguration;
			buildSettings = {
				ALWAYS_SEARCH_USER_PATHS = NO;
				CLANG_ANALYZER_NONNULL = YES;
				CLANG_ANALYZER_NUMBER_OBJECT_CONVERSION = YES_AGGRESSIVE;
				CLANG_CXX_LANGUAGE_STANDARD = "gnu++17";
				CLANG_CXX_LIBRARY = "libc++";
				CLANG_ENABLE_MODULES = YES;
				CLANG_ENABLE_OBJC_ARC = YES;
				CLANG_ENABLE_OBJC_WEAK = YES;
				CLANG_WARN_BLOCK_CAPTURE_AUTORELEASING = YES;
				CLANG_WARN_BOOL_CONVERSION = YES;
				CLANG_WARN_COMMA = YES;
				CLANG_WARN_CONSTANT_CONVERSION = YES;
				CLANG_WARN_DEPRECATED_OBJC_IMPLEMENTATIONS = YES;
				CLANG_WARN_DIRECT_OBJC_ISA_USAGE = YES_ERROR;
				CLANG_WARN_DOCUMENTATION_COMMENTS = YES;
				CLANG_WARN_EMPTY_BODY = YES;
				CLANG_WARN_ENUM_CONVERSION = YES;
				CLANG_WARN_INFINITE_RECURSION = YES;
				CLANG_WARN_INT_CONVERSION = YES;
				CLANG_WARN_NON_LITERAL_NULL_CONVERSION = YES;
				CLANG_WARN_OBJC_IMPLICIT_RETAIN_SELF = YES;
				CLANG_WARN_OBJC_LITERAL_CONVERSION = YES;
				CLANG_WARN_OBJC_ROOT_CLASS = YES_ERROR;
				CLANG_WARN_QUOTED_INCLUDE_IN_FRAMEWORK_HEADER = YES;
				CLANG_WARN_RANGE_LOOP_ANALYSIS = YES;
				CLANG_WARN_STRICT_PROTOTYPES = YES;
				CLANG_WARN_SUSPICIOUS_MOVE = YES;
				CLANG_WARN_UNGUARDED_AVAILABILITY = YES_AGGRESSIVE;
				CLANG_WARN_UNREACHABLE_CODE = YES;
				CLANG_WARN__DUPLICATE_METHOD_MATCH = YES;
				COPY_PHASE_STRIP = NO;
				DEBUG_INFORMATION_FORMAT = "dwarf-with-dsym";
				ENABLE_NS_ASSERTIONS = NO;
				ENABLE_STRICT_OBJC_MSGSEND = YES;
				GCC_C_LANGUAGE_STANDARD = gnu11;
				GCC_NO_COMMON_BLOCKS = YES;
				GCC_WARN_64_TO_32_BIT_CONVERSION = YES;
				GCC_WARN_ABOUT_RETURN_TYPE = YES_ERROR;
				GCC_WARN_UNDECLARED_SELECTOR = YES;
				GCC_WARN_UNINITIALIZED_AUTOS = YES_AGGRESSIVE;
				GCC_WARN_UNUSED_FUNCTION = YES;
				GCC_WARN_UNUSED_VARIABLE = YES;
				IPHONEOS_DEPLOYMENT_TARGET = 15.2;
				MTL_ENABLE_DEBUG_INFO = NO;
				MTL_FAST_MATH = YES;
				SDKROOT = iphoneos;
				SWIFT_COMPILATION_MODE = wholemodule;
				SWIFT_OPTIMIZATION_LEVEL = "-O";
				VALIDATE_PRODUCT = YES;
			};
			name = Release;
		};
		B590312127B7E982009CC2A6 /* Debug */ = {
			isa = XCBuildConfiguration;
			buildSettings = {
				ASSETCATALOG_COMPILER_APPICON_NAME = AppIcon;
				ASSETCATALOG_COMPILER_GLOBAL_ACCENT_COLOR_NAME = AccentColor;
				CODE_SIGN_STYLE = Automatic;
				CURRENT_PROJECT_VERSION = 1;
				DEVELOPMENT_TEAM = 46957CX67H;
				GENERATE_INFOPLIST_FILE = YES;
				INFOPLIST_FILE = Ch4_OutStargram/Info.plist;
				INFOPLIST_KEY_UIApplicationSupportsIndirectInputEvents = YES;
				INFOPLIST_KEY_UILaunchStoryboardName = LaunchScreen;
				INFOPLIST_KEY_UISupportedInterfaceOrientations_iPad = "UIInterfaceOrientationPortrait UIInterfaceOrientationPortraitUpsideDown UIInterfaceOrientationLandscapeLeft UIInterfaceOrientationLandscapeRight";
				INFOPLIST_KEY_UISupportedInterfaceOrientations_iPhone = "UIInterfaceOrientationPortrait UIInterfaceOrientationLandscapeLeft UIInterfaceOrientationLandscapeRight";
				LD_RUNPATH_SEARCH_PATHS = (
					"$(inherited)",
					"@executable_path/Frameworks",
				);
				MARKETING_VERSION = 1.0;
				PRODUCT_BUNDLE_IDENTIFIER = "Sensual-Bee.Ch4-OutStargram";
				PRODUCT_NAME = "$(TARGET_NAME)";
				SWIFT_EMIT_LOC_STRINGS = YES;
				SWIFT_VERSION = 5.0;
				TARGETED_DEVICE_FAMILY = "1,2";
			};
			name = Debug;
		};
		B590312227B7E982009CC2A6 /* Release */ = {
			isa = XCBuildConfiguration;
			buildSettings = {
				ASSETCATALOG_COMPILER_APPICON_NAME = AppIcon;
				ASSETCATALOG_COMPILER_GLOBAL_ACCENT_COLOR_NAME = AccentColor;
				CODE_SIGN_STYLE = Automatic;
				CURRENT_PROJECT_VERSION = 1;
				DEVELOPMENT_TEAM = 46957CX67H;
				GENERATE_INFOPLIST_FILE = YES;
				INFOPLIST_FILE = Ch4_OutStargram/Info.plist;
				INFOPLIST_KEY_UIApplicationSupportsIndirectInputEvents = YES;
				INFOPLIST_KEY_UILaunchStoryboardName = LaunchScreen;
				INFOPLIST_KEY_UISupportedInterfaceOrientations_iPad = "UIInterfaceOrientationPortrait UIInterfaceOrientationPortraitUpsideDown UIInterfaceOrientationLandscapeLeft UIInterfaceOrientationLandscapeRight";
				INFOPLIST_KEY_UISupportedInterfaceOrientations_iPhone = "UIInterfaceOrientationPortrait UIInterfaceOrientationLandscapeLeft UIInterfaceOrientationLandscapeRight";
				LD_RUNPATH_SEARCH_PATHS = (
					"$(inherited)",
					"@executable_path/Frameworks",
				);
				MARKETING_VERSION = 1.0;
				PRODUCT_BUNDLE_IDENTIFIER = "Sensual-Bee.Ch4-OutStargram";
				PRODUCT_NAME = "$(TARGET_NAME)";
				SWIFT_EMIT_LOC_STRINGS = YES;
				SWIFT_VERSION = 5.0;
				TARGETED_DEVICE_FAMILY = "1,2";
			};
			name = Release;
		};
/* End XCBuildConfiguration section */

/* Begin XCConfigurationList section */
		B590310427B7E981009CC2A6 /* Build configuration list for PBXProject "Ch4_OutStargram" */ = {
			isa = XCConfigurationList;
			buildConfigurations = (
				B590311E27B7E982009CC2A6 /* Debug */,
				B590311F27B7E982009CC2A6 /* Release */,
			);
			defaultConfigurationIsVisible = 0;
			defaultConfigurationName = Release;
		};
		B590312027B7E982009CC2A6 /* Build configuration list for PBXNativeTarget "Ch4_OutStargram" */ = {
			isa = XCConfigurationList;
			buildConfigurations = (
				B590312127B7E982009CC2A6 /* Debug */,
				B590312227B7E982009CC2A6 /* Release */,
			);
			defaultConfigurationIsVisible = 0;
			defaultConfigurationName = Release;
		};
/* End XCConfigurationList section */

/* Begin XCRemoteSwiftPackageReference section */
		B590312327B7E9A1009CC2A6 /* XCRemoteSwiftPackageReference "SnapKit" */ = {
			isa = XCRemoteSwiftPackageReference;
			repositoryURL = "https://github.com/SnapKit/SnapKit.git";
			requirement = {
				kind = upToNextMajorVersion;
				minimumVersion = 5.0.0;
			};
		};
/* End XCRemoteSwiftPackageReference section */

/* Begin XCSwiftPackageProductDependency section */
		B590312427B7E9A1009CC2A6 /* SnapKit */ = {
			isa = XCSwiftPackageProductDependency;
			package = B590312327B7E9A1009CC2A6 /* XCRemoteSwiftPackageReference "SnapKit" */;
			productName = SnapKit;
		};
/* End XCSwiftPackageProductDependency section */

/* Begin XCVersionGroup section */
		B590311527B7E981009CC2A6 /* Ch4_OutStargram.xcdatamodeld */ = {
			isa = XCVersionGroup;
			children = (
				B590311627B7E981009CC2A6 /* Ch4_OutStargram.xcdatamodel */,
			);
			currentVersion = B590311627B7E981009CC2A6 /* Ch4_OutStargram.xcdatamodel */;
			path = Ch4_OutStargram.xcdatamodeld;
			sourceTree = "<group>";
			versionGroupType = wrapper.xcdatamodel;
		};
/* End XCVersionGroup section */
	};
	rootObject = B590310127B7E981009CC2A6 /* Project object */;
}
