// !$*UTF8*$!
{
	archiveVersion = 1;
	classes = {
	};
	objectVersion = 55;
	objects = {

/* Begin PBXBuildFile section */
		B50D5B082791C95A0077A1EF /* UNNotificationCenter.swift in Sources */ = {isa = PBXBuildFile; fileRef = B50D5B072791C95A0077A1EF /* UNNotificationCenter.swift */; };
		B572F0BB278DBBFB00F19762 /* AppDelegate.swift in Sources */ = {isa = PBXBuildFile; fileRef = B572F0BA278DBBFB00F19762 /* AppDelegate.swift */; };
		B572F0BD278DBBFB00F19762 /* SceneDelegate.swift in Sources */ = {isa = PBXBuildFile; fileRef = B572F0BC278DBBFB00F19762 /* SceneDelegate.swift */; };
		B572F0C2278DBBFB00F19762 /* Main.storyboard in Resources */ = {isa = PBXBuildFile; fileRef = B572F0C0278DBBFB00F19762 /* Main.storyboard */; };
		B572F0C5278DBBFB00F19762 /* Ch4_Drink.xcdatamodeld in Sources */ = {isa = PBXBuildFile; fileRef = B572F0C3278DBBFB00F19762 /* Ch4_Drink.xcdatamodeld */; };
		B572F0C7278DBBFD00F19762 /* Assets.xcassets in Resources */ = {isa = PBXBuildFile; fileRef = B572F0C6278DBBFD00F19762 /* Assets.xcassets */; };
		B572F0CA278DBBFD00F19762 /* LaunchScreen.storyboard in Resources */ = {isa = PBXBuildFile; fileRef = B572F0C8278DBBFD00F19762 /* LaunchScreen.storyboard */; };
		B572F0D2278DBC3100F19762 /* AlertListViewController.swift in Sources */ = {isa = PBXBuildFile; fileRef = B572F0D1278DBC3100F19762 /* AlertListViewController.swift */; };
		B5DC305B278DC0D20044090A /* AlertListCell.swift in Sources */ = {isa = PBXBuildFile; fileRef = B5DC3059278DC0D20044090A /* AlertListCell.swift */; };
		B5DC305C278DC0D20044090A /* AlertListCell.xib in Resources */ = {isa = PBXBuildFile; fileRef = B5DC305A278DC0D20044090A /* AlertListCell.xib */; };
		B5DC3062278DC4660044090A /* Alert.swift in Sources */ = {isa = PBXBuildFile; fileRef = B5DC3061278DC4660044090A /* Alert.swift */; };
		B5DC3064278DCAF70044090A /* AddAlertViewController.swift in Sources */ = {isa = PBXBuildFile; fileRef = B5DC3063278DCAF70044090A /* AddAlertViewController.swift */; };
/* End PBXBuildFile section */

/* Begin PBXFileReference section */
		B50D5B072791C95A0077A1EF /* UNNotificationCenter.swift */ = {isa = PBXFileReference; lastKnownFileType = sourcecode.swift; path = UNNotificationCenter.swift; sourceTree = "<group>"; };
		B572F0B7278DBBFB00F19762 /* Ch4_Drink.app */ = {isa = PBXFileReference; explicitFileType = wrapper.application; includeInIndex = 0; path = Ch4_Drink.app; sourceTree = BUILT_PRODUCTS_DIR; };
		B572F0BA278DBBFB00F19762 /* AppDelegate.swift */ = {isa = PBXFileReference; lastKnownFileType = sourcecode.swift; path = AppDelegate.swift; sourceTree = "<group>"; };
		B572F0BC278DBBFB00F19762 /* SceneDelegate.swift */ = {isa = PBXFileReference; lastKnownFileType = sourcecode.swift; path = SceneDelegate.swift; sourceTree = "<group>"; };
		B572F0C1278DBBFB00F19762 /* Base */ = {isa = PBXFileReference; lastKnownFileType = file.storyboard; name = Base; path = Base.lproj/Main.storyboard; sourceTree = "<group>"; };
		B572F0C4278DBBFB00F19762 /* Ch4_Drink.xcdatamodel */ = {isa = PBXFileReference; lastKnownFileType = wrapper.xcdatamodel; path = Ch4_Drink.xcdatamodel; sourceTree = "<group>"; };
		B572F0C6278DBBFD00F19762 /* Assets.xcassets */ = {isa = PBXFileReference; lastKnownFileType = folder.assetcatalog; path = Assets.xcassets; sourceTree = "<group>"; };
		B572F0C9278DBBFD00F19762 /* Base */ = {isa = PBXFileReference; lastKnownFileType = file.storyboard; name = Base; path = Base.lproj/LaunchScreen.storyboard; sourceTree = "<group>"; };
		B572F0CB278DBBFD00F19762 /* Info.plist */ = {isa = PBXFileReference; lastKnownFileType = text.plist.xml; path = Info.plist; sourceTree = "<group>"; };
		B572F0D1278DBC3100F19762 /* AlertListViewController.swift */ = {isa = PBXFileReference; lastKnownFileType = sourcecode.swift; path = AlertListViewController.swift; sourceTree = "<group>"; };
		B5DC3059278DC0D20044090A /* AlertListCell.swift */ = {isa = PBXFileReference; lastKnownFileType = sourcecode.swift; path = AlertListCell.swift; sourceTree = "<group>"; };
		B5DC305A278DC0D20044090A /* AlertListCell.xib */ = {isa = PBXFileReference; lastKnownFileType = file.xib; path = AlertListCell.xib; sourceTree = "<group>"; };
		B5DC3061278DC4660044090A /* Alert.swift */ = {isa = PBXFileReference; lastKnownFileType = sourcecode.swift; path = Alert.swift; sourceTree = "<group>"; };
		B5DC3063278DCAF70044090A /* AddAlertViewController.swift */ = {isa = PBXFileReference; lastKnownFileType = sourcecode.swift; path = AddAlertViewController.swift; sourceTree = "<group>"; };
/* End PBXFileReference section */

/* Begin PBXFrameworksBuildPhase section */
		B572F0B4278DBBFB00F19762 /* Frameworks */ = {
			isa = PBXFrameworksBuildPhase;
			buildActionMask = 2147483647;
			files = (
			);
			runOnlyForDeploymentPostprocessing = 0;
		};
/* End PBXFrameworksBuildPhase section */

/* Begin PBXGroup section */
		B572F0AE278DBBFB00F19762 = {
			isa = PBXGroup;
			children = (
				B572F0B9278DBBFB00F19762 /* Ch4_Drink */,
				B572F0B8278DBBFB00F19762 /* Products */,
			);
			sourceTree = "<group>";
		};
		B572F0B8278DBBFB00F19762 /* Products */ = {
			isa = PBXGroup;
			children = (
				B572F0B7278DBBFB00F19762 /* Ch4_Drink.app */,
			);
			name = Products;
			sourceTree = "<group>";
		};
		B572F0B9278DBBFB00F19762 /* Ch4_Drink */ = {
			isa = PBXGroup;
			children = (
				B572F0BA278DBBFB00F19762 /* AppDelegate.swift */,
				B572F0BC278DBBFB00F19762 /* SceneDelegate.swift */,
				B5DC3061278DC4660044090A /* Alert.swift */,
				B5DC3059278DC0D20044090A /* AlertListCell.swift */,
				B50D5B072791C95A0077A1EF /* UNNotificationCenter.swift */,
				B5DC305A278DC0D20044090A /* AlertListCell.xib */,
				B572F0C0278DBBFB00F19762 /* Main.storyboard */,
				B572F0D1278DBC3100F19762 /* AlertListViewController.swift */,
				B5DC3063278DCAF70044090A /* AddAlertViewController.swift */,
				B572F0C6278DBBFD00F19762 /* Assets.xcassets */,
				B572F0C8278DBBFD00F19762 /* LaunchScreen.storyboard */,
				B572F0CB278DBBFD00F19762 /* Info.plist */,
				B572F0C3278DBBFB00F19762 /* Ch4_Drink.xcdatamodeld */,
			);
			path = Ch4_Drink;
			sourceTree = "<group>";
		};
/* End PBXGroup section */

/* Begin PBXNativeTarget section */
		B572F0B6278DBBFB00F19762 /* Ch4_Drink */ = {
			isa = PBXNativeTarget;
			buildConfigurationList = B572F0CE278DBBFD00F19762 /* Build configuration list for PBXNativeTarget "Ch4_Drink" */;
			buildPhases = (
				B572F0B3278DBBFB00F19762 /* Sources */,
				B572F0B4278DBBFB00F19762 /* Frameworks */,
				B572F0B5278DBBFB00F19762 /* Resources */,
			);
			buildRules = (
			);
			dependencies = (
			);
			name = Ch4_Drink;
			productName = Ch4_Drink;
			productReference = B572F0B7278DBBFB00F19762 /* Ch4_Drink.app */;
			productType = "com.apple.product-type.application";
		};
/* End PBXNativeTarget section */

/* Begin PBXProject section */
		B572F0AF278DBBFB00F19762 /* Project object */ = {
			isa = PBXProject;
			attributes = {
				BuildIndependentTargetsInParallel = 1;
				LastSwiftUpdateCheck = 1310;
				LastUpgradeCheck = 1310;
				TargetAttributes = {
					B572F0B6278DBBFB00F19762 = {
						CreatedOnToolsVersion = 13.1;
					};
				};
			};
			buildConfigurationList = B572F0B2278DBBFB00F19762 /* Build configuration list for PBXProject "Ch4_Drink" */;
			compatibilityVersion = "Xcode 13.0";
			developmentRegion = en;
			hasScannedForEncodings = 0;
			knownRegions = (
				en,
				Base,
			);
			mainGroup = B572F0AE278DBBFB00F19762;
			productRefGroup = B572F0B8278DBBFB00F19762 /* Products */;
			projectDirPath = "";
			projectRoot = "";
			targets = (
				B572F0B6278DBBFB00F19762 /* Ch4_Drink */,
			);
		};
/* End PBXProject section */

/* Begin PBXResourcesBuildPhase section */
		B572F0B5278DBBFB00F19762 /* Resources */ = {
			isa = PBXResourcesBuildPhase;
			buildActionMask = 2147483647;
			files = (
				B572F0CA278DBBFD00F19762 /* LaunchScreen.storyboard in Resources */,
				B572F0C7278DBBFD00F19762 /* Assets.xcassets in Resources */,
				B5DC305C278DC0D20044090A /* AlertListCell.xib in Resources */,
				B572F0C2278DBBFB00F19762 /* Main.storyboard in Resources */,
			);
			runOnlyForDeploymentPostprocessing = 0;
		};
/* End PBXResourcesBuildPhase section */

/* Begin PBXSourcesBuildPhase section */
		B572F0B3278DBBFB00F19762 /* Sources */ = {
			isa = PBXSourcesBuildPhase;
			buildActionMask = 2147483647;
			files = (
				B50D5B082791C95A0077A1EF /* UNNotificationCenter.swift in Sources */,
				B5DC3062278DC4660044090A /* Alert.swift in Sources */,
				B572F0C5278DBBFB00F19762 /* Ch4_Drink.xcdatamodeld in Sources */,
				B5DC3064278DCAF70044090A /* AddAlertViewController.swift in Sources */,
				B572F0BB278DBBFB00F19762 /* AppDelegate.swift in Sources */,
				B572F0BD278DBBFB00F19762 /* SceneDelegate.swift in Sources */,
				B572F0D2278DBC3100F19762 /* AlertListViewController.swift in Sources */,
				B5DC305B278DC0D20044090A /* AlertListCell.swift in Sources */,
			);
			runOnlyForDeploymentPostprocessing = 0;
		};
/* End PBXSourcesBuildPhase section */

/* Begin PBXVariantGroup section */
		B572F0C0278DBBFB00F19762 /* Main.storyboard */ = {
			isa = PBXVariantGroup;
			children = (
				B572F0C1278DBBFB00F19762 /* Base */,
			);
			name = Main.storyboard;
			sourceTree = "<group>";
		};
		B572F0C8278DBBFD00F19762 /* LaunchScreen.storyboard */ = {
			isa = PBXVariantGroup;
			children = (
				B572F0C9278DBBFD00F19762 /* Base */,
			);
			name = LaunchScreen.storyboard;
			sourceTree = "<group>";
		};
/* End PBXVariantGroup section */

/* Begin XCBuildConfiguration section */
		B572F0CC278DBBFD00F19762 /* Debug */ = {
			isa = XCBuildConfiguration;
			buildSettings = {
				ALWAYS_SEARCH_USER_PATHS = NO;
				CLANG_ANALYZER_NONNULL = YES;
				CLANG_ANALYZER_NUMBER_OBJECT_CONVERSION = YES_AGGRESSIVE;
				CLANG_CXX_LANGUAGE_STANDARD = "gnu++17";
				CLANG_CXX_LIBRARY = "libc++";
				CLANG_ENABLE_MODULES = YES;
				CLANG_ENABLE_OBJC_ARC = YES;
				CLANG_ENABLE_OBJC_WEAK = YES;
				CLANG_WARN_BLOCK_CAPTURE_AUTORELEASING = YES;
				CLANG_WARN_BOOL_CONVERSION = YES;
				CLANG_WARN_COMMA = YES;
				CLANG_WARN_CONSTANT_CONVERSION = YES;
				CLANG_WARN_DEPRECATED_OBJC_IMPLEMENTATIONS = YES;
				CLANG_WARN_DIRECT_OBJC_ISA_USAGE = YES_ERROR;
				CLANG_WARN_DOCUMENTATION_COMMENTS = YES;
				CLANG_WARN_EMPTY_BODY = YES;
				CLANG_WARN_ENUM_CONVERSION = YES;
				CLANG_WARN_INFINITE_RECURSION = YES;
				CLANG_WARN_INT_CONVERSION = YES;
				CLANG_WARN_NON_LITERAL_NULL_CONVERSION = YES;
				CLANG_WARN_OBJC_IMPLICIT_RETAIN_SELF = YES;
				CLANG_WARN_OBJC_LITERAL_CONVERSION = YES;
				CLANG_WARN_OBJC_ROOT_CLASS = YES_ERROR;
				CLANG_WARN_QUOTED_INCLUDE_IN_FRAMEWORK_HEADER = YES;
				CLANG_WARN_RANGE_LOOP_ANALYSIS = YES;
				CLANG_WARN_STRICT_PROTOTYPES = YES;
				CLANG_WARN_SUSPICIOUS_MOVE = YES;
				CLANG_WARN_UNGUARDED_AVAILABILITY = YES_AGGRESSIVE;
				CLANG_WARN_UNREACHABLE_CODE = YES;
				CLANG_WARN__DUPLICATE_METHOD_MATCH = YES;
				COPY_PHASE_STRIP = NO;
				DEBUG_INFORMATION_FORMAT = dwarf;
				ENABLE_STRICT_OBJC_MSGSEND = YES;
				ENABLE_TESTABILITY = YES;
				GCC_C_LANGUAGE_STANDARD = gnu11;
				GCC_DYNAMIC_NO_PIC = NO;
				GCC_NO_COMMON_BLOCKS = YES;
				GCC_OPTIMIZATION_LEVEL = 0;
				GCC_PREPROCESSOR_DEFINITIONS = (
					"DEBUG=1",
					"$(inherited)",
				);
				GCC_WARN_64_TO_32_BIT_CONVERSION = YES;
				GCC_WARN_ABOUT_RETURN_TYPE = YES_ERROR;
				GCC_WARN_UNDECLARED_SELECTOR = YES;
				GCC_WARN_UNINITIALIZED_AUTOS = YES_AGGRESSIVE;
				GCC_WARN_UNUSED_FUNCTION = YES;
				GCC_WARN_UNUSED_VARIABLE = YES;
				IPHONEOS_DEPLOYMENT_TARGET = 15.0;
				MTL_ENABLE_DEBUG_INFO = INCLUDE_SOURCE;
				MTL_FAST_MATH = YES;
				ONLY_ACTIVE_ARCH = YES;
				SDKROOT = iphoneos;
				SWIFT_ACTIVE_COMPILATION_CONDITIONS = DEBUG;
				SWIFT_OPTIMIZATION_LEVEL = "-Onone";
			};
			name = Debug;
		};
		B572F0CD278DBBFD00F19762 /* Release */ = {
			isa = XCBuildConfiguration;
			buildSettings = {
				ALWAYS_SEARCH_USER_PATHS = NO;
				CLANG_ANALYZER_NONNULL = YES;
				CLANG_ANALYZER_NUMBER_OBJECT_CONVERSION = YES_AGGRESSIVE;
				CLANG_CXX_LANGUAGE_STANDARD = "gnu++17";
				CLANG_CXX_LIBRARY = "libc++";
				CLANG_ENABLE_MODULES = YES;
				CLANG_ENABLE_OBJC_ARC = YES;
				CLANG_ENABLE_OBJC_WEAK = YES;
				CLANG_WARN_BLOCK_CAPTURE_AUTORELEASING = YES;
				CLANG_WARN_BOOL_CONVERSION = YES;
				CLANG_WARN_COMMA = YES;
				CLANG_WARN_CONSTANT_CONVERSION = YES;
				CLANG_WARN_DEPRECATED_OBJC_IMPLEMENTATIONS = YES;
				CLANG_WARN_DIRECT_OBJC_ISA_USAGE = YES_ERROR;
				CLANG_WARN_DOCUMENTATION_COMMENTS = YES;
				CLANG_WARN_EMPTY_BODY = YES;
				CLANG_WARN_ENUM_CONVERSION = YES;
				CLANG_WARN_INFINITE_RECURSION = YES;
				CLANG_WARN_INT_CONVERSION = YES;
				CLANG_WARN_NON_LITERAL_NULL_CONVERSION = YES;
				CLANG_WARN_OBJC_IMPLICIT_RETAIN_SELF = YES;
				CLANG_WARN_OBJC_LITERAL_CONVERSION = YES;
				CLANG_WARN_OBJC_ROOT_CLASS = YES_ERROR;
				CLANG_WARN_QUOTED_INCLUDE_IN_FRAMEWORK_HEADER = YES;
				CLANG_WARN_RANGE_LOOP_ANALYSIS = YES;
				CLANG_WARN_STRICT_PROTOTYPES = YES;
				CLANG_WARN_SUSPICIOUS_MOVE = YES;
				CLANG_WARN_UNGUARDED_AVAILABILITY = YES_AGGRESSIVE;
				CLANG_WARN_UNREACHABLE_CODE = YES;
				CLANG_WARN__DUPLICATE_METHOD_MATCH = YES;
				COPY_PHASE_STRIP = NO;
				DEBUG_INFORMATION_FORMAT = "dwarf-with-dsym";
				ENABLE_NS_ASSERTIONS = NO;
				ENABLE_STRICT_OBJC_MSGSEND = YES;
				GCC_C_LANGUAGE_STANDARD = gnu11;
				GCC_NO_COMMON_BLOCKS = YES;
				GCC_WARN_64_TO_32_BIT_CONVERSION = YES;
				GCC_WARN_ABOUT_RETURN_TYPE = YES_ERROR;
				GCC_WARN_UNDECLARED_SELECTOR = YES;
				GCC_WARN_UNINITIALIZED_AUTOS = YES_AGGRESSIVE;
				GCC_WARN_UNUSED_FUNCTION = YES;
				GCC_WARN_UNUSED_VARIABLE = YES;
				IPHONEOS_DEPLOYMENT_TARGET = 15.0;
				MTL_ENABLE_DEBUG_INFO = NO;
				MTL_FAST_MATH = YES;
				SDKROOT = iphoneos;
				SWIFT_COMPILATION_MODE = wholemodule;
				SWIFT_OPTIMIZATION_LEVEL = "-O";
				VALIDATE_PRODUCT = YES;
			};
			name = Release;
		};
		B572F0CF278DBBFD00F19762 /* Debug */ = {
			isa = XCBuildConfiguration;
			buildSettings = {
				ASSETCATALOG_COMPILER_APPICON_NAME = AppIcon;
				ASSETCATALOG_COMPILER_GLOBAL_ACCENT_COLOR_NAME = AccentColor;
				CODE_SIGN_STYLE = Automatic;
				CURRENT_PROJECT_VERSION = 1;
				DEVELOPMENT_TEAM = 46957CX67H;
				GENERATE_INFOPLIST_FILE = YES;
				INFOPLIST_FILE = Ch4_Drink/Info.plist;
				INFOPLIST_KEY_UIApplicationSupportsIndirectInputEvents = YES;
				INFOPLIST_KEY_UILaunchStoryboardName = LaunchScreen;
				INFOPLIST_KEY_UIMainStoryboardFile = Main;
				INFOPLIST_KEY_UISupportedInterfaceOrientations_iPad = "UIInterfaceOrientationPortrait UIInterfaceOrientationPortraitUpsideDown UIInterfaceOrientationLandscapeLeft UIInterfaceOrientationLandscapeRight";
				INFOPLIST_KEY_UISupportedInterfaceOrientations_iPhone = "UIInterfaceOrientationPortrait UIInterfaceOrientationLandscapeLeft UIInterfaceOrientationLandscapeRight";
				LD_RUNPATH_SEARCH_PATHS = (
					"$(inherited)",
					"@executable_path/Frameworks",
				);
				MARKETING_VERSION = 1.0;
				PRODUCT_BUNDLE_IDENTIFIER = "Sensual-Bee.Ch4-Drink";
				PRODUCT_NAME = "$(TARGET_NAME)";
				SWIFT_EMIT_LOC_STRINGS = YES;
				SWIFT_VERSION = 5.0;
				TARGETED_DEVICE_FAMILY = "1,2";
			};
			name = Debug;
		};
		B572F0D0278DBBFD00F19762 /* Release */ = {
			isa = XCBuildConfiguration;
			buildSettings = {
				ASSETCATALOG_COMPILER_APPICON_NAME = AppIcon;
				ASSETCATALOG_COMPILER_GLOBAL_ACCENT_COLOR_NAME = AccentColor;
				CODE_SIGN_STYLE = Automatic;
				CURRENT_PROJECT_VERSION = 1;
				DEVELOPMENT_TEAM = 46957CX67H;
				GENERATE_INFOPLIST_FILE = YES;
				INFOPLIST_FILE = Ch4_Drink/Info.plist;
				INFOPLIST_KEY_UIApplicationSupportsIndirectInputEvents = YES;
				INFOPLIST_KEY_UILaunchStoryboardName = LaunchScreen;
				INFOPLIST_KEY_UIMainStoryboardFile = Main;
				INFOPLIST_KEY_UISupportedInterfaceOrientations_iPad = "UIInterfaceOrientationPortrait UIInterfaceOrientationPortraitUpsideDown UIInterfaceOrientationLandscapeLeft UIInterfaceOrientationLandscapeRight";
				INFOPLIST_KEY_UISupportedInterfaceOrientations_iPhone = "UIInterfaceOrientationPortrait UIInterfaceOrientationLandscapeLeft UIInterfaceOrientationLandscapeRight";
				LD_RUNPATH_SEARCH_PATHS = (
					"$(inherited)",
					"@executable_path/Frameworks",
				);
				MARKETING_VERSION = 1.0;
				PRODUCT_BUNDLE_IDENTIFIER = "Sensual-Bee.Ch4-Drink";
				PRODUCT_NAME = "$(TARGET_NAME)";
				SWIFT_EMIT_LOC_STRINGS = YES;
				SWIFT_VERSION = 5.0;
				TARGETED_DEVICE_FAMILY = "1,2";
			};
			name = Release;
		};
/* End XCBuildConfiguration section */

/* Begin XCConfigurationList section */
		B572F0B2278DBBFB00F19762 /* Build configuration list for PBXProject "Ch4_Drink" */ = {
			isa = XCConfigurationList;
			buildConfigurations = (
				B572F0CC278DBBFD00F19762 /* Debug */,
				B572F0CD278DBBFD00F19762 /* Release */,
			);
			defaultConfigurationIsVisible = 0;
			defaultConfigurationName = Release;
		};
		B572F0CE278DBBFD00F19762 /* Build configuration list for PBXNativeTarget "Ch4_Drink" */ = {
			isa = XCConfigurationList;
			buildConfigurations = (
				B572F0CF278DBBFD00F19762 /* Debug */,
				B572F0D0278DBBFD00F19762 /* Release */,
			);
			defaultConfigurationIsVisible = 0;
			defaultConfigurationName = Release;
		};
/* End XCConfigurationList section */

/* Begin XCVersionGroup section */
		B572F0C3278DBBFB00F19762 /* Ch4_Drink.xcdatamodeld */ = {
			isa = XCVersionGroup;
			children = (
				B572F0C4278DBBFB00F19762 /* Ch4_Drink.xcdatamodel */,
			);
			currentVersion = B572F0C4278DBBFB00F19762 /* Ch4_Drink.xcdatamodel */;
			path = Ch4_Drink.xcdatamodeld;
			sourceTree = "<group>";
			versionGroupType = wrapper.xcdatamodel;
		};
/* End XCVersionGroup section */
	};
	rootObject = B572F0AF278DBBFB00F19762 /* Project object */;
}
