// !$*UTF8*$!
{
	archiveVersion = 1;
	classes = {
	};
	objectVersion = 55;
	objects = {

/* Begin PBXBuildFile section */
		B5AB19D027365DB300DD6F38 /* AppDelegate.swift in Sources */ = {isa = PBXBuildFile; fileRef = B5AB19CF27365DB300DD6F38 /* AppDelegate.swift */; };
		B5AB19D227365DB300DD6F38 /* SceneDelegate.swift in Sources */ = {isa = PBXBuildFile; fileRef = B5AB19D127365DB300DD6F38 /* SceneDelegate.swift */; };
		B5AB19D427365DB300DD6F38 /* ViewController.swift in Sources */ = {isa = PBXBuildFile; fileRef = B5AB19D327365DB300DD6F38 /* ViewController.swift */; };
		B5AB19D727365DB400DD6F38 /* Main.storyboard in Resources */ = {isa = PBXBuildFile; fileRef = B5AB19D527365DB400DD6F38 /* Main.storyboard */; };
		B5AB19DA27365DB400DD6F38 /* ch4_TodoList.xcdatamodeld in Sources */ = {isa = PBXBuildFile; fileRef = B5AB19D827365DB400DD6F38 /* ch4_TodoList.xcdatamodeld */; };
		B5AB19DC27365DB700DD6F38 /* Assets.xcassets in Resources */ = {isa = PBXBuildFile; fileRef = B5AB19DB27365DB700DD6F38 /* Assets.xcassets */; };
		B5AB19DF27365DB700DD6F38 /* LaunchScreen.storyboard in Resources */ = {isa = PBXBuildFile; fileRef = B5AB19DD27365DB700DD6F38 /* LaunchScreen.storyboard */; };
		B5EF1AE927399D6C00CD299C /* task.swift in Sources */ = {isa = PBXBuildFile; fileRef = B5EF1AE827399D6C00CD299C /* task.swift */; };
/* End PBXBuildFile section */

/* Begin PBXFileReference section */
		B5AB19CC27365DB300DD6F38 /* ch4_TodoList.app */ = {isa = PBXFileReference; explicitFileType = wrapper.application; includeInIndex = 0; path = ch4_TodoList.app; sourceTree = BUILT_PRODUCTS_DIR; };
		B5AB19CF27365DB300DD6F38 /* AppDelegate.swift */ = {isa = PBXFileReference; lastKnownFileType = sourcecode.swift; path = AppDelegate.swift; sourceTree = "<group>"; };
		B5AB19D127365DB300DD6F38 /* SceneDelegate.swift */ = {isa = PBXFileReference; lastKnownFileType = sourcecode.swift; path = SceneDelegate.swift; sourceTree = "<group>"; };
		B5AB19D327365DB300DD6F38 /* ViewController.swift */ = {isa = PBXFileReference; lastKnownFileType = sourcecode.swift; path = ViewController.swift; sourceTree = "<group>"; };
		B5AB19D627365DB400DD6F38 /* Base */ = {isa = PBXFileReference; lastKnownFileType = file.storyboard; name = Base; path = Base.lproj/Main.storyboard; sourceTree = "<group>"; };
		B5AB19D927365DB400DD6F38 /* ch4_TodoList.xcdatamodel */ = {isa = PBXFileReference; lastKnownFileType = wrapper.xcdatamodel; path = ch4_TodoList.xcdatamodel; sourceTree = "<group>"; };
		B5AB19DB27365DB700DD6F38 /* Assets.xcassets */ = {isa = PBXFileReference; lastKnownFileType = folder.assetcatalog; path = Assets.xcassets; sourceTree = "<group>"; };
		B5AB19DE27365DB700DD6F38 /* Base */ = {isa = PBXFileReference; lastKnownFileType = file.storyboard; name = Base; path = Base.lproj/LaunchScreen.storyboard; sourceTree = "<group>"; };
		B5AB19E027365DB700DD6F38 /* Info.plist */ = {isa = PBXFileReference; lastKnownFileType = text.plist.xml; path = Info.plist; sourceTree = "<group>"; };
		B5EF1AE827399D6C00CD299C /* task.swift */ = {isa = PBXFileReference; lastKnownFileType = sourcecode.swift; path = task.swift; sourceTree = "<group>"; };
/* End PBXFileReference section */

/* Begin PBXFrameworksBuildPhase section */
		B5AB19C927365DB300DD6F38 /* Frameworks */ = {
			isa = PBXFrameworksBuildPhase;
			buildActionMask = 2147483647;
			files = (
			);
			runOnlyForDeploymentPostprocessing = 0;
		};
/* End PBXFrameworksBuildPhase section */

/* Begin PBXGroup section */
		B5AB19C327365DB300DD6F38 = {
			isa = PBXGroup;
			children = (
				B5AB19CE27365DB300DD6F38 /* ch4_TodoList */,
				B5AB19CD27365DB300DD6F38 /* Products */,
			);
			sourceTree = "<group>";
		};
		B5AB19CD27365DB300DD6F38 /* Products */ = {
			isa = PBXGroup;
			children = (
				B5AB19CC27365DB300DD6F38 /* ch4_TodoList.app */,
			);
			name = Products;
			sourceTree = "<group>";
		};
		B5AB19CE27365DB300DD6F38 /* ch4_TodoList */ = {
			isa = PBXGroup;
			children = (
				B5AB19CF27365DB300DD6F38 /* AppDelegate.swift */,
				B5AB19D127365DB300DD6F38 /* SceneDelegate.swift */,
				B5AB19D327365DB300DD6F38 /* ViewController.swift */,
				B5EF1AE827399D6C00CD299C /* task.swift */,
				B5AB19D527365DB400DD6F38 /* Main.storyboard */,
				B5AB19DB27365DB700DD6F38 /* Assets.xcassets */,
				B5AB19DD27365DB700DD6F38 /* LaunchScreen.storyboard */,
				B5AB19E027365DB700DD6F38 /* Info.plist */,
				B5AB19D827365DB400DD6F38 /* ch4_TodoList.xcdatamodeld */,
			);
			path = ch4_TodoList;
			sourceTree = "<group>";
		};
/* End PBXGroup section */

/* Begin PBXNativeTarget section */
		B5AB19CB27365DB300DD6F38 /* ch4_TodoList */ = {
			isa = PBXNativeTarget;
			buildConfigurationList = B5AB19E327365DB700DD6F38 /* Build configuration list for PBXNativeTarget "ch4_TodoList" */;
			buildPhases = (
				B5AB19C827365DB300DD6F38 /* Sources */,
				B5AB19C927365DB300DD6F38 /* Frameworks */,
				B5AB19CA27365DB300DD6F38 /* Resources */,
			);
			buildRules = (
			);
			dependencies = (
			);
			name = ch4_TodoList;
			productName = ch4_TodoList;
			productReference = B5AB19CC27365DB300DD6F38 /* ch4_TodoList.app */;
			productType = "com.apple.product-type.application";
		};
/* End PBXNativeTarget section */

/* Begin PBXProject section */
		B5AB19C427365DB300DD6F38 /* Project object */ = {
			isa = PBXProject;
			attributes = {
				BuildIndependentTargetsInParallel = 1;
				LastSwiftUpdateCheck = 1310;
				LastUpgradeCheck = 1310;
				TargetAttributes = {
					B5AB19CB27365DB300DD6F38 = {
						CreatedOnToolsVersion = 13.1;
					};
				};
			};
			buildConfigurationList = B5AB19C727365DB300DD6F38 /* Build configuration list for PBXProject "ch4_TodoList" */;
			compatibilityVersion = "Xcode 13.0";
			developmentRegion = en;
			hasScannedForEncodings = 0;
			knownRegions = (
				en,
				Base,
			);
			mainGroup = B5AB19C327365DB300DD6F38;
			productRefGroup = B5AB19CD27365DB300DD6F38 /* Products */;
			projectDirPath = "";
			projectRoot = "";
			targets = (
				B5AB19CB27365DB300DD6F38 /* ch4_TodoList */,
			);
		};
/* End PBXProject section */

/* Begin PBXResourcesBuildPhase section */
		B5AB19CA27365DB300DD6F38 /* Resources */ = {
			isa = PBXResourcesBuildPhase;
			buildActionMask = 2147483647;
			files = (
				B5AB19DF27365DB700DD6F38 /* LaunchScreen.storyboard in Resources */,
				B5AB19DC27365DB700DD6F38 /* Assets.xcassets in Resources */,
				B5AB19D727365DB400DD6F38 /* Main.storyboard in Resources */,
			);
			runOnlyForDeploymentPostprocessing = 0;
		};
/* End PBXResourcesBuildPhase section */

/* Begin PBXSourcesBuildPhase section */
		B5AB19C827365DB300DD6F38 /* Sources */ = {
			isa = PBXSourcesBuildPhase;
			buildActionMask = 2147483647;
			files = (
				B5AB19D427365DB300DD6F38 /* ViewController.swift in Sources */,
				B5AB19DA27365DB400DD6F38 /* ch4_TodoList.xcdatamodeld in Sources */,
				B5AB19D027365DB300DD6F38 /* AppDelegate.swift in Sources */,
				B5AB19D227365DB300DD6F38 /* SceneDelegate.swift in Sources */,
				B5EF1AE927399D6C00CD299C /* task.swift in Sources */,
			);
			runOnlyForDeploymentPostprocessing = 0;
		};
/* End PBXSourcesBuildPhase section */

/* Begin PBXVariantGroup section */
		B5AB19D527365DB400DD6F38 /* Main.storyboard */ = {
			isa = PBXVariantGroup;
			children = (
				B5AB19D627365DB400DD6F38 /* Base */,
			);
			name = Main.storyboard;
			sourceTree = "<group>";
		};
		B5AB19DD27365DB700DD6F38 /* LaunchScreen.storyboard */ = {
			isa = PBXVariantGroup;
			children = (
				B5AB19DE27365DB700DD6F38 /* Base */,
			);
			name = LaunchScreen.storyboard;
			sourceTree = "<group>";
		};
/* End PBXVariantGroup section */

/* Begin XCBuildConfiguration section */
		B5AB19E127365DB700DD6F38 /* Debug */ = {
			isa = XCBuildConfiguration;
			buildSettings = {
				ALWAYS_SEARCH_USER_PATHS = NO;
				CLANG_ANALYZER_NONNULL = YES;
				CLANG_ANALYZER_NUMBER_OBJECT_CONVERSION = YES_AGGRESSIVE;
				CLANG_CXX_LANGUAGE_STANDARD = "gnu++17";
				CLANG_CXX_LIBRARY = "libc++";
				CLANG_ENABLE_MODULES = YES;
				CLANG_ENABLE_OBJC_ARC = YES;
				CLANG_ENABLE_OBJC_WEAK = YES;
				CLANG_WARN_BLOCK_CAPTURE_AUTORELEASING = YES;
				CLANG_WARN_BOOL_CONVERSION = YES;
				CLANG_WARN_COMMA = YES;
				CLANG_WARN_CONSTANT_CONVERSION = YES;
				CLANG_WARN_DEPRECATED_OBJC_IMPLEMENTATIONS = YES;
				CLANG_WARN_DIRECT_OBJC_ISA_USAGE = YES_ERROR;
				CLANG_WARN_DOCUMENTATION_COMMENTS = YES;
				CLANG_WARN_EMPTY_BODY = YES;
				CLANG_WARN_ENUM_CONVERSION = YES;
				CLANG_WARN_INFINITE_RECURSION = YES;
				CLANG_WARN_INT_CONVERSION = YES;
				CLANG_WARN_NON_LITERAL_NULL_CONVERSION = YES;
				CLANG_WARN_OBJC_IMPLICIT_RETAIN_SELF = YES;
				CLANG_WARN_OBJC_LITERAL_CONVERSION = YES;
				CLANG_WARN_OBJC_ROOT_CLASS = YES_ERROR;
				CLANG_WARN_QUOTED_INCLUDE_IN_FRAMEWORK_HEADER = YES;
				CLANG_WARN_RANGE_LOOP_ANALYSIS = YES;
				CLANG_WARN_STRICT_PROTOTYPES = YES;
				CLANG_WARN_SUSPICIOUS_MOVE = YES;
				CLANG_WARN_UNGUARDED_AVAILABILITY = YES_AGGRESSIVE;
				CLANG_WARN_UNREACHABLE_CODE = YES;
				CLANG_WARN__DUPLICATE_METHOD_MATCH = YES;
				COPY_PHASE_STRIP = NO;
				DEBUG_INFORMATION_FORMAT = dwarf;
				ENABLE_STRICT_OBJC_MSGSEND = YES;
				ENABLE_TESTABILITY = YES;
				GCC_C_LANGUAGE_STANDARD = gnu11;
				GCC_DYNAMIC_NO_PIC = NO;
				GCC_NO_COMMON_BLOCKS = YES;
				GCC_OPTIMIZATION_LEVEL = 0;
				GCC_PREPROCESSOR_DEFINITIONS = (
					"DEBUG=1",
					"$(inherited)",
				);
				GCC_WARN_64_TO_32_BIT_CONVERSION = YES;
				GCC_WARN_ABOUT_RETURN_TYPE = YES_ERROR;
				GCC_WARN_UNDECLARED_SELECTOR = YES;
				GCC_WARN_UNINITIALIZED_AUTOS = YES_AGGRESSIVE;
				GCC_WARN_UNUSED_FUNCTION = YES;
				GCC_WARN_UNUSED_VARIABLE = YES;
				IPHONEOS_DEPLOYMENT_TARGET = 15.0;
				MTL_ENABLE_DEBUG_INFO = INCLUDE_SOURCE;
				MTL_FAST_MATH = YES;
				ONLY_ACTIVE_ARCH = YES;
				SDKROOT = iphoneos;
				SWIFT_ACTIVE_COMPILATION_CONDITIONS = DEBUG;
				SWIFT_OPTIMIZATION_LEVEL = "-Onone";
			};
			name = Debug;
		};
		B5AB19E227365DB700DD6F38 /* Release */ = {
			isa = XCBuildConfiguration;
			buildSettings = {
				ALWAYS_SEARCH_USER_PATHS = NO;
				CLANG_ANALYZER_NONNULL = YES;
				CLANG_ANALYZER_NUMBER_OBJECT_CONVERSION = YES_AGGRESSIVE;
				CLANG_CXX_LANGUAGE_STANDARD = "gnu++17";
				CLANG_CXX_LIBRARY = "libc++";
				CLANG_ENABLE_MODULES = YES;
				CLANG_ENABLE_OBJC_ARC = YES;
				CLANG_ENABLE_OBJC_WEAK = YES;
				CLANG_WARN_BLOCK_CAPTURE_AUTORELEASING = YES;
				CLANG_WARN_BOOL_CONVERSION = YES;
				CLANG_WARN_COMMA = YES;
				CLANG_WARN_CONSTANT_CONVERSION = YES;
				CLANG_WARN_DEPRECATED_OBJC_IMPLEMENTATIONS = YES;
				CLANG_WARN_DIRECT_OBJC_ISA_USAGE = YES_ERROR;
				CLANG_WARN_DOCUMENTATION_COMMENTS = YES;
				CLANG_WARN_EMPTY_BODY = YES;
				CLANG_WARN_ENUM_CONVERSION = YES;
				CLANG_WARN_INFINITE_RECURSION = YES;
				CLANG_WARN_INT_CONVERSION = YES;
				CLANG_WARN_NON_LITERAL_NULL_CONVERSION = YES;
				CLANG_WARN_OBJC_IMPLICIT_RETAIN_SELF = YES;
				CLANG_WARN_OBJC_LITERAL_CONVERSION = YES;
				CLANG_WARN_OBJC_ROOT_CLASS = YES_ERROR;
				CLANG_WARN_QUOTED_INCLUDE_IN_FRAMEWORK_HEADER = YES;
				CLANG_WARN_RANGE_LOOP_ANALYSIS = YES;
				CLANG_WARN_STRICT_PROTOTYPES = YES;
				CLANG_WARN_SUSPICIOUS_MOVE = YES;
				CLANG_WARN_UNGUARDED_AVAILABILITY = YES_AGGRESSIVE;
				CLANG_WARN_UNREACHABLE_CODE = YES;
				CLANG_WARN__DUPLICATE_METHOD_MATCH = YES;
				COPY_PHASE_STRIP = NO;
				DEBUG_INFORMATION_FORMAT = "dwarf-with-dsym";
				ENABLE_NS_ASSERTIONS = NO;
				ENABLE_STRICT_OBJC_MSGSEND = YES;
				GCC_C_LANGUAGE_STANDARD = gnu11;
				GCC_NO_COMMON_BLOCKS = YES;
				GCC_WARN_64_TO_32_BIT_CONVERSION = YES;
				GCC_WARN_ABOUT_RETURN_TYPE = YES_ERROR;
				GCC_WARN_UNDECLARED_SELECTOR = YES;
				GCC_WARN_UNINITIALIZED_AUTOS = YES_AGGRESSIVE;
				GCC_WARN_UNUSED_FUNCTION = YES;
				GCC_WARN_UNUSED_VARIABLE = YES;
				IPHONEOS_DEPLOYMENT_TARGET = 15.0;
				MTL_ENABLE_DEBUG_INFO = NO;
				MTL_FAST_MATH = YES;
				SDKROOT = iphoneos;
				SWIFT_COMPILATION_MODE = wholemodule;
				SWIFT_OPTIMIZATION_LEVEL = "-O";
				VALIDATE_PRODUCT = YES;
			};
			name = Release;
		};
		B5AB19E427365DB700DD6F38 /* Debug */ = {
			isa = XCBuildConfiguration;
			buildSettings = {
				ASSETCATALOG_COMPILER_APPICON_NAME = AppIcon;
				ASSETCATALOG_COMPILER_GLOBAL_ACCENT_COLOR_NAME = AccentColor;
				CODE_SIGN_STYLE = Automatic;
				CURRENT_PROJECT_VERSION = 1;
				DEVELOPMENT_TEAM = 46957CX67H;
				GENERATE_INFOPLIST_FILE = YES;
				INFOPLIST_FILE = ch4_TodoList/Info.plist;
				INFOPLIST_KEY_UIApplicationSupportsIndirectInputEvents = YES;
				INFOPLIST_KEY_UILaunchStoryboardName = LaunchScreen;
				INFOPLIST_KEY_UIMainStoryboardFile = Main;
				INFOPLIST_KEY_UISupportedInterfaceOrientations_iPad = "UIInterfaceOrientationPortrait UIInterfaceOrientationPortraitUpsideDown UIInterfaceOrientationLandscapeLeft UIInterfaceOrientationLandscapeRight";
				INFOPLIST_KEY_UISupportedInterfaceOrientations_iPhone = "UIInterfaceOrientationPortrait UIInterfaceOrientationLandscapeLeft UIInterfaceOrientationLandscapeRight";
				LD_RUNPATH_SEARCH_PATHS = (
					"$(inherited)",
					"@executable_path/Frameworks",
				);
				MARKETING_VERSION = 1.0;
				PRODUCT_BUNDLE_IDENTIFIER = "Sensual-Bee.ch4-TodoList";
				PRODUCT_NAME = "$(TARGET_NAME)";
				SWIFT_EMIT_LOC_STRINGS = YES;
				SWIFT_VERSION = 5.0;
				TARGETED_DEVICE_FAMILY = "1,2";
			};
			name = Debug;
		};
		B5AB19E527365DB700DD6F38 /* Release */ = {
			isa = XCBuildConfiguration;
			buildSettings = {
				ASSETCATALOG_COMPILER_APPICON_NAME = AppIcon;
				ASSETCATALOG_COMPILER_GLOBAL_ACCENT_COLOR_NAME = AccentColor;
				CODE_SIGN_STYLE = Automatic;
				CURRENT_PROJECT_VERSION = 1;
				DEVELOPMENT_TEAM = 46957CX67H;
				GENERATE_INFOPLIST_FILE = YES;
				INFOPLIST_FILE = ch4_TodoList/Info.plist;
				INFOPLIST_KEY_UIApplicationSupportsIndirectInputEvents = YES;
				INFOPLIST_KEY_UILaunchStoryboardName = LaunchScreen;
				INFOPLIST_KEY_UIMainStoryboardFile = Main;
				INFOPLIST_KEY_UISupportedInterfaceOrientations_iPad = "UIInterfaceOrientationPortrait UIInterfaceOrientationPortraitUpsideDown UIInterfaceOrientationLandscapeLeft UIInterfaceOrientationLandscapeRight";
				INFOPLIST_KEY_UISupportedInterfaceOrientations_iPhone = "UIInterfaceOrientationPortrait UIInterfaceOrientationLandscapeLeft UIInterfaceOrientationLandscapeRight";
				LD_RUNPATH_SEARCH_PATHS = (
					"$(inherited)",
					"@executable_path/Frameworks",
				);
				MARKETING_VERSION = 1.0;
				PRODUCT_BUNDLE_IDENTIFIER = "Sensual-Bee.ch4-TodoList";
				PRODUCT_NAME = "$(TARGET_NAME)";
				SWIFT_EMIT_LOC_STRINGS = YES;
				SWIFT_VERSION = 5.0;
				TARGETED_DEVICE_FAMILY = "1,2";
			};
			name = Release;
		};
/* End XCBuildConfiguration section */

/* Begin XCConfigurationList section */
		B5AB19C727365DB300DD6F38 /* Build configuration list for PBXProject "ch4_TodoList" */ = {
			isa = XCConfigurationList;
			buildConfigurations = (
				B5AB19E127365DB700DD6F38 /* Debug */,
				B5AB19E227365DB700DD6F38 /* Release */,
			);
			defaultConfigurationIsVisible = 0;
			defaultConfigurationName = Release;
		};
		B5AB19E327365DB700DD6F38 /* Build configuration list for PBXNativeTarget "ch4_TodoList" */ = {
			isa = XCConfigurationList;
			buildConfigurations = (
				B5AB19E427365DB700DD6F38 /* Debug */,
				B5AB19E527365DB700DD6F38 /* Release */,
			);
			defaultConfigurationIsVisible = 0;
			defaultConfigurationName = Release;
		};
/* End XCConfigurationList section */

/* Begin XCVersionGroup section */
		B5AB19D827365DB400DD6F38 /* ch4_TodoList.xcdatamodeld */ = {
			isa = XCVersionGroup;
			children = (
				B5AB19D927365DB400DD6F38 /* ch4_TodoList.xcdatamodel */,
			);
			currentVersion = B5AB19D927365DB400DD6F38 /* ch4_TodoList.xcdatamodel */;
			path = ch4_TodoList.xcdatamodeld;
			sourceTree = "<group>";
			versionGroupType = wrapper.xcdatamodel;
		};
/* End XCVersionGroup section */
	};
	rootObject = B5AB19C427365DB300DD6F38 /* Project object */;
}
